// !$*UTF8*$!
{
	archiveVersion = 1;
	classes = {
	};
	objectVersion = 46;
	objects = {

/* Begin PBXBuildFile section */
		05FA737ACAC942D19B9F7598 /* libPods-Tests.a in Frameworks */ = {isa = PBXBuildFile; fileRef = 5BF31EC09B324BBC8AA2239A /* libPods-Tests.a */; };
		5F017F0219B0E3750003F8E4 /* A0FacebookAuthenticatorSpec.m in Sources */ = {isa = PBXBuildFile; fileRef = 5F017F0119B0E3750003F8E4 /* A0FacebookAuthenticatorSpec.m */; };
		5F017F0419B102D70003F8E4 /* A0JSONResponseSerializerSpec.m in Sources */ = {isa = PBXBuildFile; fileRef = 5F017F0319B102D70003F8E4 /* A0JSONResponseSerializerSpec.m */; };
		5F0ADBBC19E5FCB800EA7EAA /* A0SimpleConnectionDomainMatcherSpec.m in Sources */ = {isa = PBXBuildFile; fileRef = 5F0ADBBB19E5FCB800EA7EAA /* A0SimpleConnectionDomainMatcherSpec.m */; };
		5F12365C19675EA9006CE0D2 /* A0ApplicationSpec.m in Sources */ = {isa = PBXBuildFile; fileRef = 5F12365B19675EA9006CE0D2 /* A0ApplicationSpec.m */; };
		5F15815E196A3682003C4DD2 /* A0UserProfileViewController.m in Sources */ = {isa = PBXBuildFile; fileRef = 5F15815D196A3682003C4DD2 /* A0UserProfileViewController.m */; };
		5F22B5D619E84C28002A730A /* A0FilteredConnectionDomainMatcherSpec.m in Sources */ = {isa = PBXBuildFile; fileRef = 5F22B5D519E84C28002A730A /* A0FilteredConnectionDomainMatcherSpec.m */; };
		5F35161619B8CBA500574C11 /* A0UserIdentitySpec.m in Sources */ = {isa = PBXBuildFile; fileRef = 5F35161519B8CBA500574C11 /* A0UserIdentitySpec.m */; };
		5F3A9C561A0D16FF00154DF2 /* Crashlytics.framework in Frameworks */ = {isa = PBXBuildFile; fileRef = 5F3A9C541A0D16FF00154DF2 /* Crashlytics.framework */; };
		5F3A9C571A0D16FF00154DF2 /* Fabric.framework in Frameworks */ = {isa = PBXBuildFile; fileRef = 5F3A9C551A0D16FF00154DF2 /* Fabric.framework */; };
		5F7112E519D5C18B001971BE /* A0AuthParametersSpec.m in Sources */ = {isa = PBXBuildFile; fileRef = 5F7112E419D5C18B001971BE /* A0AuthParametersSpec.m */; };
		5F91E66E19E32C48003150DF /* A0ConnectionSpec.m in Sources */ = {isa = PBXBuildFile; fileRef = 5F91E66D19E32C48003150DF /* A0ConnectionSpec.m */; };
		5F92E92419D49F7400080CCE /* A0WebAuthenticationSpec.m in Sources */ = {isa = PBXBuildFile; fileRef = 5F92E92319D49F7400080CCE /* A0WebAuthenticationSpec.m */; };
		5F951A981A0EC7D600D128D0 /* A0HomeViewController.m in Sources */ = {isa = PBXBuildFile; fileRef = 5F951A971A0EC7D600D128D0 /* A0HomeViewController.m */; };
		5F951ABB1A1189A600D128D0 /* Lock.strings in Resources */ = {isa = PBXBuildFile; fileRef = 5F951ABD1A1189A600D128D0 /* Lock.strings */; };
		5F951AC01A11BE2F00D128D0 /* Lock.podspec in Resources */ = {isa = PBXBuildFile; fileRef = 5F951ABF1A11BE2F00D128D0 /* Lock.podspec */; };
		5F951AFD1A12ABAF00D128D0 /* iTunesArtwork@2x -1024.png in Resources */ = {isa = PBXBuildFile; fileRef = 5F951AFC1A12ABAF00D128D0 /* iTunesArtwork@2x -1024.png */; };
		5F9F5B6419AF8FBD0021068C /* A0UserProfileSpec.m in Sources */ = {isa = PBXBuildFile; fileRef = 5F9F5B6319AF8FBD0021068C /* A0UserProfileSpec.m */; };
		5F9F5B6619AF9A8D0021068C /* A0TokenSpec.m in Sources */ = {isa = PBXBuildFile; fileRef = 5F9F5B6519AF9A8D0021068C /* A0TokenSpec.m */; };
		5F9F5B6819AF9D8E0021068C /* A0StrategySpec.m in Sources */ = {isa = PBXBuildFile; fileRef = 5F9F5B6719AF9D8E0021068C /* A0StrategySpec.m */; };
		5F9F5B6A19AF9F960021068C /* A0IdentityProviderAuthenticatorSpec.m in Sources */ = {isa = PBXBuildFile; fileRef = 5F9F5B6919AF9F960021068C /* A0IdentityProviderAuthenticatorSpec.m */; };
		6003F58E195388D20070C39A /* Foundation.framework in Frameworks */ = {isa = PBXBuildFile; fileRef = 6003F58D195388D20070C39A /* Foundation.framework */; };
		6003F590195388D20070C39A /* CoreGraphics.framework in Frameworks */ = {isa = PBXBuildFile; fileRef = 6003F58F195388D20070C39A /* CoreGraphics.framework */; };
		6003F592195388D20070C39A /* UIKit.framework in Frameworks */ = {isa = PBXBuildFile; fileRef = 6003F591195388D20070C39A /* UIKit.framework */; };
		6003F598195388D20070C39A /* InfoPlist.strings in Resources */ = {isa = PBXBuildFile; fileRef = 6003F596195388D20070C39A /* InfoPlist.strings */; };
		6003F59A195388D20070C39A /* main.m in Sources */ = {isa = PBXBuildFile; fileRef = 6003F599195388D20070C39A /* main.m */; };
		6003F59E195388D20070C39A /* A0AppDelegate.m in Sources */ = {isa = PBXBuildFile; fileRef = 6003F59D195388D20070C39A /* A0AppDelegate.m */; };
		6003F5A1195388D20070C39A /* Main.storyboard in Resources */ = {isa = PBXBuildFile; fileRef = 6003F59F195388D20070C39A /* Main.storyboard */; };
		6003F5A7195388D20070C39A /* A0ViewController.m in Sources */ = {isa = PBXBuildFile; fileRef = 6003F5A6195388D20070C39A /* A0ViewController.m */; };
		6003F5A9195388D20070C39A /* Images.xcassets in Resources */ = {isa = PBXBuildFile; fileRef = 6003F5A8195388D20070C39A /* Images.xcassets */; };
		6003F5B0195388D20070C39A /* XCTest.framework in Frameworks */ = {isa = PBXBuildFile; fileRef = 6003F5AF195388D20070C39A /* XCTest.framework */; };
		6003F5B1195388D20070C39A /* Foundation.framework in Frameworks */ = {isa = PBXBuildFile; fileRef = 6003F58D195388D20070C39A /* Foundation.framework */; };
		6003F5B2195388D20070C39A /* UIKit.framework in Frameworks */ = {isa = PBXBuildFile; fileRef = 6003F591195388D20070C39A /* UIKit.framework */; };
		6003F5BA195388D20070C39A /* InfoPlist.strings in Resources */ = {isa = PBXBuildFile; fileRef = 6003F5B8195388D20070C39A /* InfoPlist.strings */; };
		642A660110A8488355478CF9 /* libPods-Lock.a in Frameworks */ = {isa = PBXBuildFile; fileRef = D048C73B1FF3FD6862091E46 /* libPods-Lock.a */; };
/* End PBXBuildFile section */

/* Begin PBXContainerItemProxy section */
		6003F5B3195388D20070C39A /* PBXContainerItemProxy */ = {
			isa = PBXContainerItemProxy;
			containerPortal = 6003F582195388D10070C39A /* Project object */;
			proxyType = 1;
			remoteGlobalIDString = 6003F589195388D20070C39A;
			remoteInfo = Auth0Client;
		};
/* End PBXContainerItemProxy section */

/* Begin PBXFileReference section */
		26AA405967D1A3B89FAD9B49 /* Pods-Lock.debug.xcconfig */ = {isa = PBXFileReference; includeInIndex = 1; lastKnownFileType = text.xcconfig; name = "Pods-Lock.debug.xcconfig"; path = "Pods/Target Support Files/Pods-Lock/Pods-Lock.debug.xcconfig"; sourceTree = "<group>"; };
		4AB1168063DB527AB1BC16CF /* Pods-Lock.release.xcconfig */ = {isa = PBXFileReference; includeInIndex = 1; lastKnownFileType = text.xcconfig; name = "Pods-Lock.release.xcconfig"; path = "Pods/Target Support Files/Pods-Lock/Pods-Lock.release.xcconfig"; sourceTree = "<group>"; };
		4B3E2AA40772AD103B90D301 /* Pods-Auth0Client.release.xcconfig */ = {isa = PBXFileReference; includeInIndex = 1; lastKnownFileType = text.xcconfig; name = "Pods-Auth0Client.release.xcconfig"; path = "Pods/Target Support Files/Pods-Auth0Client/Pods-Auth0Client.release.xcconfig"; sourceTree = "<group>"; };
		5BF31EC09B324BBC8AA2239A /* libPods-Tests.a */ = {isa = PBXFileReference; explicitFileType = archive.ar; includeInIndex = 0; path = "libPods-Tests.a"; sourceTree = BUILT_PRODUCTS_DIR; };
		5F017F0119B0E3750003F8E4 /* A0FacebookAuthenticatorSpec.m */ = {isa = PBXFileReference; fileEncoding = 4; lastKnownFileType = sourcecode.c.objc; path = A0FacebookAuthenticatorSpec.m; sourceTree = "<group>"; };
		5F017F0319B102D70003F8E4 /* A0JSONResponseSerializerSpec.m */ = {isa = PBXFileReference; fileEncoding = 4; lastKnownFileType = sourcecode.c.objc; path = A0JSONResponseSerializerSpec.m; sourceTree = "<group>"; };
		5F0ADBBB19E5FCB800EA7EAA /* A0SimpleConnectionDomainMatcherSpec.m */ = {isa = PBXFileReference; fileEncoding = 4; lastKnownFileType = sourcecode.c.objc; path = A0SimpleConnectionDomainMatcherSpec.m; sourceTree = "<group>"; };
		5F12365B19675EA9006CE0D2 /* A0ApplicationSpec.m */ = {isa = PBXFileReference; fileEncoding = 4; lastKnownFileType = sourcecode.c.objc; path = A0ApplicationSpec.m; sourceTree = "<group>"; };
		5F15815C196A3682003C4DD2 /* A0UserProfileViewController.h */ = {isa = PBXFileReference; fileEncoding = 4; lastKnownFileType = sourcecode.c.h; path = A0UserProfileViewController.h; sourceTree = "<group>"; };
		5F15815D196A3682003C4DD2 /* A0UserProfileViewController.m */ = {isa = PBXFileReference; fileEncoding = 4; lastKnownFileType = sourcecode.c.objc; path = A0UserProfileViewController.m; sourceTree = "<group>"; };
		5F22B5D519E84C28002A730A /* A0FilteredConnectionDomainMatcherSpec.m */ = {isa = PBXFileReference; fileEncoding = 4; lastKnownFileType = sourcecode.c.objc; path = A0FilteredConnectionDomainMatcherSpec.m; sourceTree = "<group>"; };
		5F35161519B8CBA500574C11 /* A0UserIdentitySpec.m */ = {isa = PBXFileReference; fileEncoding = 4; lastKnownFileType = sourcecode.c.objc; path = A0UserIdentitySpec.m; sourceTree = "<group>"; };
		5F3A9C541A0D16FF00154DF2 /* Crashlytics.framework */ = {isa = PBXFileReference; lastKnownFileType = wrapper.framework; path = Crashlytics.framework; sourceTree = "<group>"; };
		5F3A9C551A0D16FF00154DF2 /* Fabric.framework */ = {isa = PBXFileReference; lastKnownFileType = wrapper.framework; path = Fabric.framework; sourceTree = "<group>"; };
		5F7112E419D5C18B001971BE /* A0AuthParametersSpec.m */ = {isa = PBXFileReference; fileEncoding = 4; lastKnownFileType = sourcecode.c.objc; path = A0AuthParametersSpec.m; sourceTree = "<group>"; };
		5F91E66D19E32C48003150DF /* A0ConnectionSpec.m */ = {isa = PBXFileReference; fileEncoding = 4; lastKnownFileType = sourcecode.c.objc; path = A0ConnectionSpec.m; sourceTree = "<group>"; };
		5F92E92319D49F7400080CCE /* A0WebAuthenticationSpec.m */ = {isa = PBXFileReference; fileEncoding = 4; lastKnownFileType = sourcecode.c.objc; path = A0WebAuthenticationSpec.m; sourceTree = "<group>"; };
		5F951A961A0EC7D600D128D0 /* A0HomeViewController.h */ = {isa = PBXFileReference; fileEncoding = 4; lastKnownFileType = sourcecode.c.h; path = A0HomeViewController.h; sourceTree = "<group>"; };
		5F951A971A0EC7D600D128D0 /* A0HomeViewController.m */ = {isa = PBXFileReference; fileEncoding = 4; lastKnownFileType = sourcecode.c.objc; path = A0HomeViewController.m; sourceTree = "<group>"; };
		5F951ABC1A1189A600D128D0 /* en */ = {isa = PBXFileReference; lastKnownFileType = text.plist.strings; name = en; path = en.lproj/Lock.strings; sourceTree = "<group>"; };
		5F951ABF1A11BE2F00D128D0 /* Lock.podspec */ = {isa = PBXFileReference; fileEncoding = 4; lastKnownFileType = text; name = Lock.podspec; path = ../../Lock.podspec; sourceTree = "<group>"; };
		5F951AFC1A12ABAF00D128D0 /* iTunesArtwork@2x -1024.png */ = {isa = PBXFileReference; lastKnownFileType = image.png; path = "iTunesArtwork@2x -1024.png"; sourceTree = "<group>"; };
		5F9F5B6319AF8FBD0021068C /* A0UserProfileSpec.m */ = {isa = PBXFileReference; fileEncoding = 4; lastKnownFileType = sourcecode.c.objc; path = A0UserProfileSpec.m; sourceTree = "<group>"; };
		5F9F5B6519AF9A8D0021068C /* A0TokenSpec.m */ = {isa = PBXFileReference; fileEncoding = 4; lastKnownFileType = sourcecode.c.objc; path = A0TokenSpec.m; sourceTree = "<group>"; };
		5F9F5B6719AF9D8E0021068C /* A0StrategySpec.m */ = {isa = PBXFileReference; fileEncoding = 4; lastKnownFileType = sourcecode.c.objc; path = A0StrategySpec.m; sourceTree = "<group>"; };
		5F9F5B6919AF9F960021068C /* A0IdentityProviderAuthenticatorSpec.m */ = {isa = PBXFileReference; fileEncoding = 4; lastKnownFileType = sourcecode.c.objc; path = A0IdentityProviderAuthenticatorSpec.m; sourceTree = "<group>"; };
		6003F58A195388D20070C39A /* Lock.app */ = {isa = PBXFileReference; explicitFileType = wrapper.application; includeInIndex = 0; path = Lock.app; sourceTree = BUILT_PRODUCTS_DIR; };
		6003F58D195388D20070C39A /* Foundation.framework */ = {isa = PBXFileReference; lastKnownFileType = wrapper.framework; name = Foundation.framework; path = System/Library/Frameworks/Foundation.framework; sourceTree = SDKROOT; };
		6003F58F195388D20070C39A /* CoreGraphics.framework */ = {isa = PBXFileReference; lastKnownFileType = wrapper.framework; name = CoreGraphics.framework; path = System/Library/Frameworks/CoreGraphics.framework; sourceTree = SDKROOT; };
		6003F591195388D20070C39A /* UIKit.framework */ = {isa = PBXFileReference; lastKnownFileType = wrapper.framework; name = UIKit.framework; path = System/Library/Frameworks/UIKit.framework; sourceTree = SDKROOT; };
		6003F595195388D20070C39A /* Lock-Info.plist */ = {isa = PBXFileReference; lastKnownFileType = text.plist.xml; path = "Lock-Info.plist"; sourceTree = "<group>"; };
		6003F597195388D20070C39A /* en */ = {isa = PBXFileReference; lastKnownFileType = text.plist.strings; name = en; path = en.lproj/InfoPlist.strings; sourceTree = "<group>"; };
		6003F599195388D20070C39A /* main.m */ = {isa = PBXFileReference; lastKnownFileType = sourcecode.c.objc; path = main.m; sourceTree = "<group>"; };
		6003F59B195388D20070C39A /* Lock-Prefix.pch */ = {isa = PBXFileReference; lastKnownFileType = sourcecode.c.h; path = "Lock-Prefix.pch"; sourceTree = "<group>"; };
		6003F59C195388D20070C39A /* A0AppDelegate.h */ = {isa = PBXFileReference; lastKnownFileType = sourcecode.c.h; path = A0AppDelegate.h; sourceTree = "<group>"; };
		6003F59D195388D20070C39A /* A0AppDelegate.m */ = {isa = PBXFileReference; lastKnownFileType = sourcecode.c.objc; path = A0AppDelegate.m; sourceTree = "<group>"; };
		6003F5A0195388D20070C39A /* Base */ = {isa = PBXFileReference; lastKnownFileType = file.storyboard; name = Base; path = Base.lproj/Main.storyboard; sourceTree = "<group>"; };
		6003F5A5195388D20070C39A /* A0ViewController.h */ = {isa = PBXFileReference; lastKnownFileType = sourcecode.c.h; path = A0ViewController.h; sourceTree = "<group>"; };
		6003F5A6195388D20070C39A /* A0ViewController.m */ = {isa = PBXFileReference; lastKnownFileType = sourcecode.c.objc; path = A0ViewController.m; sourceTree = "<group>"; };
		6003F5A8195388D20070C39A /* Images.xcassets */ = {isa = PBXFileReference; lastKnownFileType = folder.assetcatalog; path = Images.xcassets; sourceTree = "<group>"; };
		6003F5AE195388D20070C39A /* Tests.xctest */ = {isa = PBXFileReference; explicitFileType = wrapper.cfbundle; includeInIndex = 0; path = Tests.xctest; sourceTree = BUILT_PRODUCTS_DIR; };
		6003F5AF195388D20070C39A /* XCTest.framework */ = {isa = PBXFileReference; lastKnownFileType = wrapper.framework; name = XCTest.framework; path = Library/Frameworks/XCTest.framework; sourceTree = DEVELOPER_DIR; };
		6003F5B7195388D20070C39A /* Tests-Info.plist */ = {isa = PBXFileReference; lastKnownFileType = text.plist.xml; path = "Tests-Info.plist"; sourceTree = "<group>"; };
		6003F5B9195388D20070C39A /* en */ = {isa = PBXFileReference; lastKnownFileType = text.plist.strings; name = en; path = en.lproj/InfoPlist.strings; sourceTree = "<group>"; };
		606FC2411953D9B200FFA9A0 /* Tests-Prefix.pch */ = {isa = PBXFileReference; lastKnownFileType = sourcecode.c.h; path = "Tests-Prefix.pch"; sourceTree = "<group>"; };
		77F27E12879146B986D43383 /* README.md */ = {isa = PBXFileReference; includeInIndex = 1; lastKnownFileType = net.daringfireball.markdown; name = README.md; path = ../../README.md; sourceTree = "<group>"; };
		A2A3DDCE99B0D5CAF6748B62 /* Pods-Tests.debug.xcconfig */ = {isa = PBXFileReference; includeInIndex = 1; lastKnownFileType = text.xcconfig; name = "Pods-Tests.debug.xcconfig"; path = "Pods/Target Support Files/Pods-Tests/Pods-Tests.debug.xcconfig"; sourceTree = "<group>"; };
		B57D66D23F1E191D2C2DFDED /* Pods-Tests.release.xcconfig */ = {isa = PBXFileReference; includeInIndex = 1; lastKnownFileType = text.xcconfig; name = "Pods-Tests.release.xcconfig"; path = "Pods/Target Support Files/Pods-Tests/Pods-Tests.release.xcconfig"; sourceTree = "<group>"; };
		BD9DE0F8BCE04F059EE4B037 /* LICENSE */ = {isa = PBXFileReference; includeInIndex = 1; lastKnownFileType = text; name = LICENSE; path = ../../LICENSE; sourceTree = "<group>"; };
		D048C73B1FF3FD6862091E46 /* libPods-Lock.a */ = {isa = PBXFileReference; explicitFileType = archive.ar; includeInIndex = 0; path = "libPods-Lock.a"; sourceTree = BUILT_PRODUCTS_DIR; };
		D8BB77CC67D644FB8F85C8EE /* libPods-Auth0Client.a */ = {isa = PBXFileReference; explicitFileType = archive.ar; includeInIndex = 0; path = "libPods-Auth0Client.a"; sourceTree = BUILT_PRODUCTS_DIR; };
		DD4274928003C0C86F4BA6DB /* Pods-Auth0Client.debug.xcconfig */ = {isa = PBXFileReference; includeInIndex = 1; lastKnownFileType = text.xcconfig; name = "Pods-Auth0Client.debug.xcconfig"; path = "Pods/Target Support Files/Pods-Auth0Client/Pods-Auth0Client.debug.xcconfig"; sourceTree = "<group>"; };
/* End PBXFileReference section */

/* Begin PBXFrameworksBuildPhase section */
		6003F587195388D20070C39A /* Frameworks */ = {
			isa = PBXFrameworksBuildPhase;
			buildActionMask = 2147483647;
			files = (
				6003F590195388D20070C39A /* CoreGraphics.framework in Frameworks */,
				5F3A9C561A0D16FF00154DF2 /* Crashlytics.framework in Frameworks */,
				6003F592195388D20070C39A /* UIKit.framework in Frameworks */,
				6003F58E195388D20070C39A /* Foundation.framework in Frameworks */,
				5F3A9C571A0D16FF00154DF2 /* Fabric.framework in Frameworks */,
				642A660110A8488355478CF9 /* libPods-Lock.a in Frameworks */,
			);
			runOnlyForDeploymentPostprocessing = 0;
		};
		6003F5AB195388D20070C39A /* Frameworks */ = {
			isa = PBXFrameworksBuildPhase;
			buildActionMask = 2147483647;
			files = (
				6003F5B0195388D20070C39A /* XCTest.framework in Frameworks */,
				6003F5B2195388D20070C39A /* UIKit.framework in Frameworks */,
				6003F5B1195388D20070C39A /* Foundation.framework in Frameworks */,
				05FA737ACAC942D19B9F7598 /* libPods-Tests.a in Frameworks */,
			);
			runOnlyForDeploymentPostprocessing = 0;
		};
/* End PBXFrameworksBuildPhase section */

/* Begin PBXGroup section */
		2EA23D0E26852E4577F12318 /* Pods */ = {
			isa = PBXGroup;
			children = (
				DD4274928003C0C86F4BA6DB /* Pods-Auth0Client.debug.xcconfig */,
				4B3E2AA40772AD103B90D301 /* Pods-Auth0Client.release.xcconfig */,
				A2A3DDCE99B0D5CAF6748B62 /* Pods-Tests.debug.xcconfig */,
				B57D66D23F1E191D2C2DFDED /* Pods-Tests.release.xcconfig */,
				26AA405967D1A3B89FAD9B49 /* Pods-Lock.debug.xcconfig */,
				4AB1168063DB527AB1BC16CF /* Pods-Lock.release.xcconfig */,
			);
			name = Pods;
			sourceTree = "<group>";
		};
		6003F581195388D10070C39A = {
			isa = PBXGroup;
			children = (
				60FF7A9C1954A5C5007DD14C /* Podspec Metadata */,
				6003F593195388D20070C39A /* Lock */,
				6003F5B5195388D20070C39A /* Tests */,
				6003F58C195388D20070C39A /* Frameworks */,
				6003F58B195388D20070C39A /* Products */,
				2EA23D0E26852E4577F12318 /* Pods */,
			);
			sourceTree = "<group>";
		};
		6003F58B195388D20070C39A /* Products */ = {
			isa = PBXGroup;
			children = (
				6003F58A195388D20070C39A /* Lock.app */,
				6003F5AE195388D20070C39A /* Tests.xctest */,
			);
			name = Products;
			sourceTree = "<group>";
		};
		6003F58C195388D20070C39A /* Frameworks */ = {
			isa = PBXGroup;
			children = (
				5F3A9C541A0D16FF00154DF2 /* Crashlytics.framework */,
				5F3A9C551A0D16FF00154DF2 /* Fabric.framework */,
				6003F58D195388D20070C39A /* Foundation.framework */,
				6003F58F195388D20070C39A /* CoreGraphics.framework */,
				6003F591195388D20070C39A /* UIKit.framework */,
				6003F5AF195388D20070C39A /* XCTest.framework */,
				D8BB77CC67D644FB8F85C8EE /* libPods-Auth0Client.a */,
				5BF31EC09B324BBC8AA2239A /* libPods-Tests.a */,
				D048C73B1FF3FD6862091E46 /* libPods-Lock.a */,
			);
			name = Frameworks;
			sourceTree = "<group>";
		};
		6003F593195388D20070C39A /* Lock */ = {
			isa = PBXGroup;
			children = (
				6003F59C195388D20070C39A /* A0AppDelegate.h */,
				6003F59D195388D20070C39A /* A0AppDelegate.m */,
				6003F59F195388D20070C39A /* Main.storyboard */,
				6003F5A5195388D20070C39A /* A0ViewController.h */,
				6003F5A6195388D20070C39A /* A0ViewController.m */,
				6003F5A8195388D20070C39A /* Images.xcassets */,
				6003F594195388D20070C39A /* Supporting Files */,
				5F15815C196A3682003C4DD2 /* A0UserProfileViewController.h */,
				5F15815D196A3682003C4DD2 /* A0UserProfileViewController.m */,
				5F951A961A0EC7D600D128D0 /* A0HomeViewController.h */,
				5F951A971A0EC7D600D128D0 /* A0HomeViewController.m */,
				5F951ABD1A1189A600D128D0 /* Lock.strings */,
			);
			path = Lock;
			sourceTree = "<group>";
		};
		6003F594195388D20070C39A /* Supporting Files */ = {
			isa = PBXGroup;
			children = (
				6003F595195388D20070C39A /* Lock-Info.plist */,
				6003F596195388D20070C39A /* InfoPlist.strings */,
				6003F599195388D20070C39A /* main.m */,
				6003F59B195388D20070C39A /* Lock-Prefix.pch */,
				5F951AFC1A12ABAF00D128D0 /* iTunesArtwork@2x -1024.png */,
			);
			name = "Supporting Files";
			sourceTree = "<group>";
		};
		6003F5B5195388D20070C39A /* Tests */ = {
			isa = PBXGroup;
			children = (
				6003F5B6195388D20070C39A /* Supporting Files */,
				5F12365B19675EA9006CE0D2 /* A0ApplicationSpec.m */,
				5F9F5B6319AF8FBD0021068C /* A0UserProfileSpec.m */,
				5F9F5B6519AF9A8D0021068C /* A0TokenSpec.m */,
				5F9F5B6719AF9D8E0021068C /* A0StrategySpec.m */,
				5F9F5B6919AF9F960021068C /* A0IdentityProviderAuthenticatorSpec.m */,
				5F017F0119B0E3750003F8E4 /* A0FacebookAuthenticatorSpec.m */,
				5F017F0319B102D70003F8E4 /* A0JSONResponseSerializerSpec.m */,
				5F35161519B8CBA500574C11 /* A0UserIdentitySpec.m */,
				5F92E92319D49F7400080CCE /* A0WebAuthenticationSpec.m */,
				5F7112E419D5C18B001971BE /* A0AuthParametersSpec.m */,
				5F91E66D19E32C48003150DF /* A0ConnectionSpec.m */,
				5F0ADBBB19E5FCB800EA7EAA /* A0SimpleConnectionDomainMatcherSpec.m */,
				5F22B5D519E84C28002A730A /* A0FilteredConnectionDomainMatcherSpec.m */,
			);
			path = Tests;
			sourceTree = "<group>";
		};
		6003F5B6195388D20070C39A /* Supporting Files */ = {
			isa = PBXGroup;
			children = (
				6003F5B7195388D20070C39A /* Tests-Info.plist */,
				6003F5B8195388D20070C39A /* InfoPlist.strings */,
				606FC2411953D9B200FFA9A0 /* Tests-Prefix.pch */,
			);
			name = "Supporting Files";
			sourceTree = "<group>";
		};
		60FF7A9C1954A5C5007DD14C /* Podspec Metadata */ = {
			isa = PBXGroup;
			children = (
				5F951ABF1A11BE2F00D128D0 /* Lock.podspec */,
				77F27E12879146B986D43383 /* README.md */,
				BD9DE0F8BCE04F059EE4B037 /* LICENSE */,
			);
			name = "Podspec Metadata";
			sourceTree = "<group>";
		};
/* End PBXGroup section */

/* Begin PBXNativeTarget section */
		6003F589195388D20070C39A /* Lock */ = {
			isa = PBXNativeTarget;
			buildConfigurationList = 6003F5BF195388D20070C39A /* Build configuration list for PBXNativeTarget "Lock" */;
			buildPhases = (
				60EDC0B2DC5D4DAF8746CC07 /* Check Pods Manifest.lock */,
				6003F586195388D20070C39A /* Sources */,
				6003F587195388D20070C39A /* Frameworks */,
				6003F588195388D20070C39A /* Resources */,
				609C3EA6B5ED4A1C901D6815 /* Copy Pods Resources */,
				5F3A9C531A0D14D400154DF2 /* Fabric */,
			);
			buildRules = (
			);
			dependencies = (
			);
			name = Lock;
			productName = Auth0Client;
			productReference = 6003F58A195388D20070C39A /* Lock.app */;
			productType = "com.apple.product-type.application";
		};
		6003F5AD195388D20070C39A /* Tests */ = {
			isa = PBXNativeTarget;
			buildConfigurationList = 6003F5C2195388D20070C39A /* Build configuration list for PBXNativeTarget "Tests" */;
			buildPhases = (
				1BA219C07BD848069AC46A53 /* Check Pods Manifest.lock */,
				6003F5AA195388D20070C39A /* Sources */,
				6003F5AB195388D20070C39A /* Frameworks */,
				6003F5AC195388D20070C39A /* Resources */,
				34E0BA71851D4611B5E79D43 /* Copy Pods Resources */,
			);
			buildRules = (
			);
			dependencies = (
				6003F5B4195388D20070C39A /* PBXTargetDependency */,
			);
			name = Tests;
			productName = Auth0ClientTests;
			productReference = 6003F5AE195388D20070C39A /* Tests.xctest */;
			productType = "com.apple.product-type.bundle.unit-test";
		};
/* End PBXNativeTarget section */

/* Begin PBXProject section */
		6003F582195388D10070C39A /* Project object */ = {
			isa = PBXProject;
			attributes = {
				CLASSPREFIX = A0;
				LastUpgradeCheck = 0510;
				ORGANIZATIONNAME = Auth0;
				TargetAttributes = {
					6003F589195388D20070C39A = {
						DevelopmentTeam = UUWS9Z463H;
					};
					6003F5AD195388D20070C39A = {
						TestTargetID = 6003F589195388D20070C39A;
					};
				};
			};
			buildConfigurationList = 6003F585195388D10070C39A /* Build configuration list for PBXProject "Lock" */;
			compatibilityVersion = "Xcode 3.2";
			developmentRegion = English;
			hasScannedForEncodings = 0;
			knownRegions = (
				en,
				Base,
			);
			mainGroup = 6003F581195388D10070C39A;
			productRefGroup = 6003F58B195388D20070C39A /* Products */;
			projectDirPath = "";
			projectRoot = "";
			targets = (
				6003F589195388D20070C39A /* Lock */,
				6003F5AD195388D20070C39A /* Tests */,
			);
		};
/* End PBXProject section */

/* Begin PBXResourcesBuildPhase section */
		6003F588195388D20070C39A /* Resources */ = {
			isa = PBXResourcesBuildPhase;
			buildActionMask = 2147483647;
			files = (
				5F951ABB1A1189A600D128D0 /* Lock.strings in Resources */,
				6003F5A9195388D20070C39A /* Images.xcassets in Resources */,
				5F951AFD1A12ABAF00D128D0 /* iTunesArtwork@2x -1024.png in Resources */,
				5F951AC01A11BE2F00D128D0 /* Lock.podspec in Resources */,
				6003F5A1195388D20070C39A /* Main.storyboard in Resources */,
				6003F598195388D20070C39A /* InfoPlist.strings in Resources */,
			);
			runOnlyForDeploymentPostprocessing = 0;
		};
		6003F5AC195388D20070C39A /* Resources */ = {
			isa = PBXResourcesBuildPhase;
			buildActionMask = 2147483647;
			files = (
				6003F5BA195388D20070C39A /* InfoPlist.strings in Resources */,
			);
			runOnlyForDeploymentPostprocessing = 0;
		};
/* End PBXResourcesBuildPhase section */

/* Begin PBXShellScriptBuildPhase section */
		1BA219C07BD848069AC46A53 /* Check Pods Manifest.lock */ = {
			isa = PBXShellScriptBuildPhase;
			buildActionMask = 2147483647;
			files = (
			);
			inputPaths = (
			);
			name = "Check Pods Manifest.lock";
			outputPaths = (
			);
			runOnlyForDeploymentPostprocessing = 0;
			shellPath = /bin/sh;
			shellScript = "diff \"${PODS_ROOT}/../Podfile.lock\" \"${PODS_ROOT}/Manifest.lock\" > /dev/null\nif [[ $? != 0 ]] ; then\n    cat << EOM\nerror: The sandbox is not in sync with the Podfile.lock. Run 'pod install' or update your CocoaPods installation.\nEOM\n    exit 1\nfi\n";
			showEnvVarsInLog = 0;
		};
		34E0BA71851D4611B5E79D43 /* Copy Pods Resources */ = {
			isa = PBXShellScriptBuildPhase;
			buildActionMask = 2147483647;
			files = (
			);
			inputPaths = (
			);
			name = "Copy Pods Resources";
			outputPaths = (
			);
			runOnlyForDeploymentPostprocessing = 0;
			shellPath = /bin/sh;
			shellScript = "\"${SRCROOT}/Pods/Target Support Files/Pods-Tests/Pods-Tests-resources.sh\"\n";
			showEnvVarsInLog = 0;
		};
		5F3A9C531A0D14D400154DF2 /* Fabric */ = {
			isa = PBXShellScriptBuildPhase;
			buildActionMask = 2147483647;
			files = (
			);
			inputPaths = (
			);
			name = Fabric;
			outputPaths = (
			);
			runOnlyForDeploymentPostprocessing = 0;
			shellPath = /bin/sh;
			shellScript = "if [ ${CONFIGURATION} != \"Debug\" ]; then\n    echo \"Running Fabric scripts\"\n    source $SRCROOT/.fabric_key\n    ./Fabric.framework/run $FABRIC_API_KEY $FABRIC_BUILD_SECRET\nelse\n    echo \"Skipped Fabric scripts\"\nfi";
		};
		609C3EA6B5ED4A1C901D6815 /* Copy Pods Resources */ = {
			isa = PBXShellScriptBuildPhase;
			buildActionMask = 2147483647;
			files = (
			);
			inputPaths = (
			);
			name = "Copy Pods Resources";
			outputPaths = (
			);
			runOnlyForDeploymentPostprocessing = 0;
			shellPath = /bin/sh;
			shellScript = "\"${SRCROOT}/Pods/Target Support Files/Pods-Lock/Pods-Lock-resources.sh\"\n";
			showEnvVarsInLog = 0;
		};
		60EDC0B2DC5D4DAF8746CC07 /* Check Pods Manifest.lock */ = {
			isa = PBXShellScriptBuildPhase;
			buildActionMask = 2147483647;
			files = (
			);
			inputPaths = (
			);
			name = "Check Pods Manifest.lock";
			outputPaths = (
			);
			runOnlyForDeploymentPostprocessing = 0;
			shellPath = /bin/sh;
			shellScript = "diff \"${PODS_ROOT}/../Podfile.lock\" \"${PODS_ROOT}/Manifest.lock\" > /dev/null\nif [[ $? != 0 ]] ; then\n    cat << EOM\nerror: The sandbox is not in sync with the Podfile.lock. Run 'pod install' or update your CocoaPods installation.\nEOM\n    exit 1\nfi\n";
			showEnvVarsInLog = 0;
		};
/* End PBXShellScriptBuildPhase section */

/* Begin PBXSourcesBuildPhase section */
		6003F586195388D20070C39A /* Sources */ = {
			isa = PBXSourcesBuildPhase;
			buildActionMask = 2147483647;
			files = (
				5F15815E196A3682003C4DD2 /* A0UserProfileViewController.m in Sources */,
				6003F59E195388D20070C39A /* A0AppDelegate.m in Sources */,
				6003F5A7195388D20070C39A /* A0ViewController.m in Sources */,
				6003F59A195388D20070C39A /* main.m in Sources */,
				5F951A981A0EC7D600D128D0 /* A0HomeViewController.m in Sources */,
			);
			runOnlyForDeploymentPostprocessing = 0;
		};
		6003F5AA195388D20070C39A /* Sources */ = {
			isa = PBXSourcesBuildPhase;
			buildActionMask = 2147483647;
			files = (
				5F9F5B6419AF8FBD0021068C /* A0UserProfileSpec.m in Sources */,
				5F9F5B6619AF9A8D0021068C /* A0TokenSpec.m in Sources */,
				5F9F5B6819AF9D8E0021068C /* A0StrategySpec.m in Sources */,
				5F92E92419D49F7400080CCE /* A0WebAuthenticationSpec.m in Sources */,
				5F017F0419B102D70003F8E4 /* A0JSONResponseSerializerSpec.m in Sources */,
				5F91E66E19E32C48003150DF /* A0ConnectionSpec.m in Sources */,
				5F22B5D619E84C28002A730A /* A0FilteredConnectionDomainMatcherSpec.m in Sources */,
				5F0ADBBC19E5FCB800EA7EAA /* A0SimpleConnectionDomainMatcherSpec.m in Sources */,
				5F017F0219B0E3750003F8E4 /* A0FacebookAuthenticatorSpec.m in Sources */,
				5F12365C19675EA9006CE0D2 /* A0ApplicationSpec.m in Sources */,
				5F7112E519D5C18B001971BE /* A0AuthParametersSpec.m in Sources */,
				5F35161619B8CBA500574C11 /* A0UserIdentitySpec.m in Sources */,
				5F9F5B6A19AF9F960021068C /* A0IdentityProviderAuthenticatorSpec.m in Sources */,
			);
			runOnlyForDeploymentPostprocessing = 0;
		};
/* End PBXSourcesBuildPhase section */

/* Begin PBXTargetDependency section */
		6003F5B4195388D20070C39A /* PBXTargetDependency */ = {
			isa = PBXTargetDependency;
			target = 6003F589195388D20070C39A /* Lock */;
			targetProxy = 6003F5B3195388D20070C39A /* PBXContainerItemProxy */;
		};
/* End PBXTargetDependency section */

/* Begin PBXVariantGroup section */
		5F951ABD1A1189A600D128D0 /* Lock.strings */ = {
			isa = PBXVariantGroup;
			children = (
				5F951ABC1A1189A600D128D0 /* en */,
			);
			name = Lock.strings;
			sourceTree = "<group>";
		};
		6003F596195388D20070C39A /* InfoPlist.strings */ = {
			isa = PBXVariantGroup;
			children = (
				6003F597195388D20070C39A /* en */,
			);
			name = InfoPlist.strings;
			sourceTree = "<group>";
		};
		6003F59F195388D20070C39A /* Main.storyboard */ = {
			isa = PBXVariantGroup;
			children = (
				6003F5A0195388D20070C39A /* Base */,
			);
			name = Main.storyboard;
			sourceTree = "<group>";
		};
		6003F5B8195388D20070C39A /* InfoPlist.strings */ = {
			isa = PBXVariantGroup;
			children = (
				6003F5B9195388D20070C39A /* en */,
			);
			name = InfoPlist.strings;
			sourceTree = "<group>";
		};
/* End PBXVariantGroup section */

/* Begin XCBuildConfiguration section */
		6003F5BD195388D20070C39A /* Debug */ = {
			isa = XCBuildConfiguration;
			buildSettings = {
				ALWAYS_SEARCH_USER_PATHS = NO;
				CLANG_CXX_LANGUAGE_STANDARD = "gnu++0x";
				CLANG_CXX_LIBRARY = "libc++";
				CLANG_ENABLE_MODULES = YES;
				CLANG_ENABLE_OBJC_ARC = YES;
				CLANG_WARN_BOOL_CONVERSION = YES;
				CLANG_WARN_CONSTANT_CONVERSION = YES;
				CLANG_WARN_DIRECT_OBJC_ISA_USAGE = YES_ERROR;
				CLANG_WARN_EMPTY_BODY = YES;
				CLANG_WARN_ENUM_CONVERSION = YES;
				CLANG_WARN_INT_CONVERSION = YES;
				CLANG_WARN_OBJC_ROOT_CLASS = YES_ERROR;
				CLANG_WARN__DUPLICATE_METHOD_MATCH = YES;
				"CODE_SIGN_IDENTITY[sdk=iphoneos*]" = "iPhone Developer";
				COPY_PHASE_STRIP = NO;
				GCC_C_LANGUAGE_STANDARD = gnu99;
				GCC_DYNAMIC_NO_PIC = NO;
				GCC_OPTIMIZATION_LEVEL = 0;
				GCC_PREPROCESSOR_DEFINITIONS = (
					"DEBUG=1",
					"$(inherited)",
				);
				GCC_SYMBOLS_PRIVATE_EXTERN = NO;
				GCC_WARN_64_TO_32_BIT_CONVERSION = YES;
				GCC_WARN_ABOUT_RETURN_TYPE = YES_ERROR;
				GCC_WARN_UNDECLARED_SELECTOR = YES;
				GCC_WARN_UNINITIALIZED_AUTOS = YES_AGGRESSIVE;
				GCC_WARN_UNUSED_FUNCTION = YES;
				GCC_WARN_UNUSED_VARIABLE = YES;
				IPHONEOS_DEPLOYMENT_TARGET = 7.1;
				ONLY_ACTIVE_ARCH = YES;
				SDKROOT = iphoneos;
				TARGETED_DEVICE_FAMILY = "1,2";
			};
			name = Debug;
		};
		6003F5BE195388D20070C39A /* Release */ = {
			isa = XCBuildConfiguration;
			buildSettings = {
				ALWAYS_SEARCH_USER_PATHS = NO;
				CLANG_CXX_LANGUAGE_STANDARD = "gnu++0x";
				CLANG_CXX_LIBRARY = "libc++";
				CLANG_ENABLE_MODULES = YES;
				CLANG_ENABLE_OBJC_ARC = YES;
				CLANG_WARN_BOOL_CONVERSION = YES;
				CLANG_WARN_CONSTANT_CONVERSION = YES;
				CLANG_WARN_DIRECT_OBJC_ISA_USAGE = YES_ERROR;
				CLANG_WARN_EMPTY_BODY = YES;
				CLANG_WARN_ENUM_CONVERSION = YES;
				CLANG_WARN_INT_CONVERSION = YES;
				CLANG_WARN_OBJC_ROOT_CLASS = YES_ERROR;
				CLANG_WARN__DUPLICATE_METHOD_MATCH = YES;
				"CODE_SIGN_IDENTITY[sdk=iphoneos*]" = "iPhone Developer";
				COPY_PHASE_STRIP = YES;
				ENABLE_NS_ASSERTIONS = NO;
				GCC_C_LANGUAGE_STANDARD = gnu99;
				GCC_WARN_64_TO_32_BIT_CONVERSION = YES;
				GCC_WARN_ABOUT_RETURN_TYPE = YES_ERROR;
				GCC_WARN_UNDECLARED_SELECTOR = YES;
				GCC_WARN_UNINITIALIZED_AUTOS = YES_AGGRESSIVE;
				GCC_WARN_UNUSED_FUNCTION = YES;
				GCC_WARN_UNUSED_VARIABLE = YES;
				IPHONEOS_DEPLOYMENT_TARGET = 7.1;
				SDKROOT = iphoneos;
				TARGETED_DEVICE_FAMILY = "1,2";
				VALIDATE_PRODUCT = YES;
			};
			name = Release;
		};
		6003F5C0195388D20070C39A /* Debug */ = {
			isa = XCBuildConfiguration;
			baseConfigurationReference = 26AA405967D1A3B89FAD9B49 /* Pods-Lock.debug.xcconfig */;
			buildSettings = {
				ASSETCATALOG_COMPILER_APPICON_NAME = AppIcon;
				ASSETCATALOG_COMPILER_LAUNCHIMAGE_NAME = LaunchImage;
				AUTH0_CLIENT_ID = U5MhUrbyQHSVWjlEqZSTCBUFABLbJAS3;
				AUTH0_TENANT = overmind;
				CODE_SIGN_IDENTITY = "iPhone Developer";
				FRAMEWORK_SEARCH_PATHS = (
					"$(inherited)",
					"$(PROJECT_DIR)",
				);
				GCC_GENERATE_TEST_COVERAGE_FILES = YES;
				GCC_INSTRUMENT_PROGRAM_FLOW_ARCS = YES;
				GCC_PRECOMPILE_PREFIX_HEADER = YES;
				GCC_PREFIX_HEADER = "Lock/Lock-Prefix.pch";
				INFOPLIST_FILE = "Lock/Lock-Info.plist";
				PRODUCT_NAME = Lock;
				WRAPPER_EXTENSION = app;
			};
			name = Debug;
		};
		6003F5C1195388D20070C39A /* Release */ = {
			isa = XCBuildConfiguration;
			baseConfigurationReference = 4AB1168063DB527AB1BC16CF /* Pods-Lock.release.xcconfig */;
			buildSettings = {
				ASSETCATALOG_COMPILER_APPICON_NAME = AppIcon;
				ASSETCATALOG_COMPILER_LAUNCHIMAGE_NAME = LaunchImage;
				AUTH0_CLIENT_ID = BUIJSW9x60sIHBw8Kd9EmCbj8eDIFxDC;
				AUTH0_TENANT = samples;
				CODE_SIGN_IDENTITY = "iPhone Distribution: Hernan Zalazar (UUWS9Z463H)";
				FRAMEWORK_SEARCH_PATHS = (
					"$(inherited)",
					"$(PROJECT_DIR)",
				);
				GCC_INSTRUMENT_PROGRAM_FLOW_ARCS = YES;
				GCC_PRECOMPILE_PREFIX_HEADER = YES;
				GCC_PREFIX_HEADER = "Lock/Lock-Prefix.pch";
				GCC_PREPROCESSOR_DEFINITIONS = (
					"$(inherited)",
					"RELEASE=1",
				);
				INFOPLIST_FILE = "Lock/Lock-Info.plist";
				PRODUCT_NAME = Lock;
				WRAPPER_EXTENSION = app;
			};
			name = Release;
		};
		6003F5C3195388D20070C39A /* Debug */ = {
			isa = XCBuildConfiguration;
			baseConfigurationReference = A2A3DDCE99B0D5CAF6748B62 /* Pods-Tests.debug.xcconfig */;
			buildSettings = {
				BUNDLE_LOADER = "$(BUILT_PRODUCTS_DIR)/Lock.app/Lock";
				FRAMEWORK_SEARCH_PATHS = (
					"$(SDKROOT)/Developer/Library/Frameworks",
					"$(inherited)",
					"$(DEVELOPER_FRAMEWORKS_DIR)",
				);
				GCC_GENERATE_TEST_COVERAGE_FILES = YES;
				GCC_INSTRUMENT_PROGRAM_FLOW_ARCS = YES;
				GCC_PRECOMPILE_PREFIX_HEADER = YES;
				GCC_PREFIX_HEADER = "Tests/Tests-Prefix.pch";
				GCC_PREPROCESSOR_DEFINITIONS = (
					"DEBUG=1",
					"$(inherited)",
				);
				INFOPLIST_FILE = "Tests/Tests-Info.plist";
				PRODUCT_NAME = "$(TARGET_NAME)";
				TEST_HOST = "$(BUNDLE_LOADER)";
				WRAPPER_EXTENSION = xctest;
			};
			name = Debug;
		};
		6003F5C4195388D20070C39A /* Release */ = {
			isa = XCBuildConfiguration;
			baseConfigurationReference = B57D66D23F1E191D2C2DFDED /* Pods-Tests.release.xcconfig */;
			buildSettings = {
				BUNDLE_LOADER = "$(BUILT_PRODUCTS_DIR)/Lock.app/Lock";
				FRAMEWORK_SEARCH_PATHS = (
					"$(SDKROOT)/Developer/Library/Frameworks",
					"$(inherited)",
					"$(DEVELOPER_FRAMEWORKS_DIR)",
				);
				GCC_PRECOMPILE_PREFIX_HEADER = YES;
				GCC_PREFIX_HEADER = "Tests/Tests-Prefix.pch";
				INFOPLIST_FILE = "Tests/Tests-Info.plist";
				PRODUCT_NAME = "$(TARGET_NAME)";
				TEST_HOST = "$(BUNDLE_LOADER)";
				WRAPPER_EXTENSION = xctest;
			};
			name = Release;
		};
/* End XCBuildConfiguration section */

/* Begin XCConfigurationList section */
		6003F585195388D10070C39A /* Build configuration list for PBXProject "Lock" */ = {
			isa = XCConfigurationList;
			buildConfigurations = (
				6003F5BD195388D20070C39A /* Debug */,
				6003F5BE195388D20070C39A /* Release */,
			);
			defaultConfigurationIsVisible = 0;
			defaultConfigurationName = Release;
		};
		6003F5BF195388D20070C39A /* Build configuration list for PBXNativeTarget "Lock" */ = {
			isa = XCConfigurationList;
			buildConfigurations = (
				6003F5C0195388D20070C39A /* Debug */,
				6003F5C1195388D20070C39A /* Release */,
			);
			defaultConfigurationIsVisible = 0;
			defaultConfigurationName = Release;
		};
		6003F5C2195388D20070C39A /* Build configuration list for PBXNativeTarget "Tests" */ = {
			isa = XCConfigurationList;
			buildConfigurations = (
				6003F5C3195388D20070C39A /* Debug */,
				6003F5C4195388D20070C39A /* Release */,
			);
			defaultConfigurationIsVisible = 0;
			defaultConfigurationName = Release;
		};
/* End XCConfigurationList section */
	};
	rootObject = 6003F582195388D10070C39A /* Project object */;
}
