PODS:
  - AFNetworking (2.4.1):
    - AFNetworking/NSURLConnection
    - AFNetworking/NSURLSession
    - AFNetworking/Reachability
    - AFNetworking/Security
    - AFNetworking/Serialization
    - AFNetworking/UIKit
  - AFNetworking/NSURLConnection (2.4.1):
    - AFNetworking/Reachability
    - AFNetworking/Security
    - AFNetworking/Serialization
  - AFNetworking/NSURLSession (2.4.1):
    - AFNetworking/Reachability
    - AFNetworking/Security
    - AFNetworking/Serialization
  - AFNetworking/Reachability (2.4.1)
  - AFNetworking/Security (2.4.1)
  - AFNetworking/Serialization (2.4.1)
  - AFNetworking/UIKit (2.4.1):
    - AFNetworking/NSURLConnection
    - AFNetworking/NSURLSession
  - BDBOAuth1Manager (1.4.1):
    - AFNetworking/NSURLConnection (~> 2.4.0)
    - AFNetworking/NSURLSession (~> 2.4.0)
  - Bolts (1.1.3)
  - CocoaLumberjack (1.9.2):
    - CocoaLumberjack/Extensions
  - CocoaLumberjack/Core (1.9.2)
  - CocoaLumberjack/Extensions (1.9.2):
    - CocoaLumberjack/Core
  - Expecta (0.3.1)
  - Facebook-iOS-SDK (3.20.0):
    - Bolts (~> 1.0)
  - ISO8601DateFormatter (0.7)
  - JWTDecode (0.2.1)
  - libextobjc (0.4.1):
    - libextobjc/EXTADT
    - libextobjc/EXTConcreteProtocol
    - libextobjc/EXTKeyPathCoding
    - libextobjc/EXTNil
    - libextobjc/EXTSafeCategory
    - libextobjc/EXTScope
    - libextobjc/EXTSelectorChecking
    - libextobjc/EXTSynthesize
    - libextobjc/NSInvocation+EXT
    - libextobjc/NSMethodSignature+EXT
    - libextobjc/RuntimeExtensions
    - libextobjc/UmbrellaHeader
  - libextobjc/EXTADT (0.4.1):
    - libextobjc/RuntimeExtensions
  - libextobjc/EXTConcreteProtocol (0.4.1):
    - libextobjc/RuntimeExtensions
  - libextobjc/EXTKeyPathCoding (0.4.1):
    - libextobjc/RuntimeExtensions
  - libextobjc/EXTNil (0.4.1):
    - libextobjc/RuntimeExtensions
  - libextobjc/EXTSafeCategory (0.4.1):
    - libextobjc/RuntimeExtensions
  - libextobjc/EXTScope (0.4.1):
    - libextobjc/RuntimeExtensions
  - libextobjc/EXTSelectorChecking (0.4.1):
    - libextobjc/RuntimeExtensions
  - libextobjc/EXTSynthesize (0.4.1):
    - libextobjc/RuntimeExtensions
  - libextobjc/NSInvocation+EXT (0.4.1):
    - libextobjc/RuntimeExtensions
  - libextobjc/NSMethodSignature+EXT (0.4.1):
    - libextobjc/RuntimeExtensions
  - libextobjc/RuntimeExtensions (0.4.1)
  - libextobjc/UmbrellaHeader (0.4.1)
  - Lock (1.4.0):
    - CocoaLumberjack (~> 1.9)
    - libextobjc (~> 0.4)
    - Lock/Core
    - Lock/Facebook
    - Lock/Twitter
    - Lock/UI
    - ObjectiveSugar (~> 1.1)
  - Lock/Core (1.4.0):
    - AFNetworking (~> 2.3)
    - CocoaLumberjack (~> 1.9)
    - ISO8601DateFormatter (~> 0.7)
    - libextobjc (~> 0.4)
    - ObjectiveSugar (~> 1.1)
  - Lock/Facebook (1.4.0):
    - CocoaLumberjack (~> 1.9)
    - Facebook-iOS-SDK (~> 3.15)
    - libextobjc (~> 0.4)
    - Lock/Core
    - ObjectiveSugar (~> 1.1)
  - Lock/SMS (1.4.0):
    - CocoaLumberjack (~> 1.9)
    - libextobjc (~> 0.4)
    - Lock/UI
    - ObjectiveSugar (~> 1.1)
  - Lock/TouchID (1.4.0):
    - CocoaLumberjack (~> 1.9)
    - libextobjc (~> 0.4)
    - Lock/UI
    - ObjectiveSugar (~> 1.1)
    - TouchIDAuth (~> 0.1)
  - Lock/Twitter (1.4.0):
    - BDBOAuth1Manager (~> 1.3)
    - CocoaLumberjack (~> 1.9)
    - libextobjc (~> 0.4)
    - Lock/Core
    - ObjectiveSugar (~> 1.1)
    - PSAlertView (~> 2.0)
    - TWReverseAuth (~> 0.1.0)
  - Lock/UI (1.4.0):
    - CocoaLumberjack (~> 1.9)
    - libextobjc (~> 0.4)
    - Lock/Core
    - ObjectiveSugar (~> 1.1)
  - LUKeychainAccess (1.2.3)
  - NSData+Base64 (1.0.0)
  - OAuthCore (0.0.1):
    - NSData+Base64
  - ObjectiveSugar (1.1.0)
  - OCHamcrest (4.0.1)
  - OCMockito (1.3.1):
    - OCHamcrest (~> 4.0)
  - PSAlertView (2.0.3)
  - SimpleKeychain (0.2.0)
  - Specta (0.2.1)
  - TouchIDAuth (0.1.0):
    - libextobjc (~> 0.4)
    - ObjectiveSugar (~> 1.1)
    - SimpleKeychain (~> 0.2)
  - TWReverseAuth (0.1.1):
    - LUKeychainAccess
    - OAuthCore

DEPENDENCIES:
  - BDBOAuth1Manager
  - Expecta
  - JWTDecode
  - libextobjc
  - Lock (from `../../`)
  - Lock/SMS (from `../../`)
  - Lock/TouchID (from `../../`)
  - OCMockito
  - SimpleKeychain
  - Specta (~> 0.2.1)

EXTERNAL SOURCES:
  Lock:
    :path: ../../

SPEC CHECKSUMS:
  AFNetworking: 0aabc6fae66d6e5d039eeb21c315843c7aae51ab
  BDBOAuth1Manager: 0625ba20bd7d36461bbf6dc3d29276b5932b7409
  Bolts: 3db0a875235e0c9042b013af13af0f00f79b102c
  CocoaLumberjack: 205769c032b5fef85b92472046bcc8b7e7c8a817
  Expecta: 03aabd0a89d8dea843baecb19a7fd7466a69a31d
  Facebook-iOS-SDK: 5854404b4b651f612a8ef79ca06d766858f4cb8e
  ISO8601DateFormatter: 59731cd880cf87e71b4fa95f0d6b713dcbc4cbce
  JWTDecode: 72e3393caf14dc762eba51d29f15bd86f608aba3
  libextobjc: d6146fce3ebea986b7f75fcb4c967639200b88b0
  Lock: cbe035f3eb527b64904db92fd5da31e3bb0b94f6
  LUKeychainAccess: 8d45b6c894c0d808786b1740c057b5e776313d88
  NSData+Base64: aae92a2e3f0bd88b29fe6093551ded3f5c062548
  OAuthCore: 09d3c56dd3f64a61d1ffcbf103f28118ff8ca2e9
  ObjectiveSugar: f48793f5902c77cfc02a4ce46d2e8ecddcad4dc2
  OCHamcrest: b464725bbb48d0f1cd9c6f4ec3cb35fe0c4f2b94
  OCMockito: 57b8c4bb54ff3a4a14eb2174f9e57faf9f56efb6
  PSAlertView: fa44c0b5dbdae9afa9c2ec5e0662f5d33fd1148c
  SimpleKeychain: f7c55140169037f7540c949b25da53096036b231
  Specta: 9141310f46b1f68b676650ff2854e1ed0b74163a
  TouchIDAuth: 4a104cd6a614e63c23fad6e6446bf79b6cc6f429
  TWReverseAuth: da3ae5f14c3b26ebb503ddff25cb1cb0b9c1839b

COCOAPODS: 0.34.4
