PODS:
  - 1PasswordExtension (1.6.1)
  - AFNetworking (2.5.4):
    - AFNetworking/NSURLConnection (= 2.5.4)
    - AFNetworking/NSURLSession (= 2.5.4)
    - AFNetworking/Reachability (= 2.5.4)
    - AFNetworking/Security (= 2.5.4)
    - AFNetworking/Serialization (= 2.5.4)
    - AFNetworking/UIKit (= 2.5.4)
  - AFNetworking/NSURLConnection (2.5.4):
    - AFNetworking/Reachability
    - AFNetworking/Security
    - AFNetworking/Serialization
  - AFNetworking/NSURLSession (2.5.4):
    - AFNetworking/Reachability
    - AFNetworking/Security
    - AFNetworking/Serialization
  - AFNetworking/Reachability (2.5.4)
  - AFNetworking/Security (2.5.4)
  - AFNetworking/Serialization (2.5.4)
  - AFNetworking/UIKit (2.5.4):
    - AFNetworking/NSURLConnection
    - AFNetworking/NSURLSession
  - BDBOAuth1Manager (1.5.0):
    - AFNetworking/NSURLConnection (~> 2.5.0)
    - AFNetworking/NSURLSession (~> 2.5.0)
  - Bolts (1.3.0):
    - Bolts/AppLinks (= 1.3.0)
    - Bolts/Tasks (= 1.3.0)
  - Bolts/AppLinks (1.3.0):
    - Bolts/Tasks
  - Bolts/Tasks (1.3.0)
  - CocoaLumberjack (2.0.3):
    - CocoaLumberjack/Default (= 2.0.3)
    - CocoaLumberjack/Extensions (= 2.0.3)
  - CocoaLumberjack/Core (2.0.3)
  - CocoaLumberjack/Default (2.0.3):
    - CocoaLumberjack/Core
  - CocoaLumberjack/Extensions (2.0.3):
    - CocoaLumberjack/Default
  - Crashlytics (3.3.4)
  - Expecta (1.0.3)
  - Fabric (1.5.5):
    - Fabric/Base (= 1.5.5)
  - Fabric/Base (1.5.5)
  - FBSDKCoreKit (4.7.0):
    - Bolts (~> 1.1)
    - FBSDKCoreKit/arc (= 4.7.0)
    - FBSDKCoreKit/no-arc (= 4.7.0)
  - FBSDKCoreKit/arc (4.7.0):
    - Bolts (~> 1.1)
  - FBSDKCoreKit/no-arc (4.7.0):
    - Bolts (~> 1.1)
    - FBSDKCoreKit/arc
  - FBSDKLoginKit (4.7.0):
    - FBSDKCoreKit
  - ISO8601DateFormatter (0.7)
  - JWTDecode (0.2.2)
  - libextobjc (0.4.1):
    - libextobjc/EXTADT (= 0.4.1)
    - libextobjc/EXTConcreteProtocol (= 0.4.1)
    - libextobjc/EXTKeyPathCoding (= 0.4.1)
    - libextobjc/EXTNil (= 0.4.1)
    - libextobjc/EXTSafeCategory (= 0.4.1)
    - libextobjc/EXTScope (= 0.4.1)
    - libextobjc/EXTSelectorChecking (= 0.4.1)
    - libextobjc/EXTSynthesize (= 0.4.1)
    - libextobjc/NSInvocation+EXT (= 0.4.1)
    - libextobjc/NSMethodSignature+EXT (= 0.4.1)
    - libextobjc/RuntimeExtensions (= 0.4.1)
    - libextobjc/UmbrellaHeader (= 0.4.1)
  - libextobjc/EXTADT (0.4.1):
    - libextobjc/RuntimeExtensions
  - libextobjc/EXTConcreteProtocol (0.4.1):
    - libextobjc/RuntimeExtensions
  - libextobjc/EXTKeyPathCoding (0.4.1):
    - libextobjc/RuntimeExtensions
  - libextobjc/EXTNil (0.4.1):
    - libextobjc/RuntimeExtensions
  - libextobjc/EXTSafeCategory (0.4.1):
    - libextobjc/RuntimeExtensions
  - libextobjc/EXTScope (0.4.1):
    - libextobjc/RuntimeExtensions
  - libextobjc/EXTSelectorChecking (0.4.1):
    - libextobjc/RuntimeExtensions
  - libextobjc/EXTSynthesize (0.4.1):
    - libextobjc/RuntimeExtensions
  - libextobjc/NSInvocation+EXT (0.4.1):
    - libextobjc/RuntimeExtensions
  - libextobjc/NSMethodSignature+EXT (0.4.1):
    - libextobjc/RuntimeExtensions
  - libextobjc/RuntimeExtensions (0.4.1)
  - libextobjc/UmbrellaHeader (0.4.1)
  - Lock (1.19.2):
    - CocoaLumberjack (~> 2.0)
    - libextobjc (~> 0.4)
    - Lock/Core (= 1.19.2)
    - Lock/UI (= 1.19.2)
    - Lock/WebView (= 1.19.2)
  - Lock-Facebook (2.2.0):
    - CocoaLumberjack (~> 2.0)
    - FBSDKCoreKit (~> 4.6)
    - FBSDKLoginKit (~> 4.6)
    - Lock/Core (~> 1.11)
  - Lock-Twitter (1.0.2):
    - BDBOAuth1Manager (~> 1.5.0)
    - CocoaLumberjack (~> 2.0)
    - Lock/Core (~> 1.11)
    - PSAlertView (~> 2.0)
    - TWReverseAuth (~> 0.1.0)
  - Lock/1Password (1.19.2):
    - 1PasswordExtension (~> 1.2)
    - CocoaLumberjack (~> 2.0)
    - libextobjc (~> 0.4)
    - Lock/Core
  - Lock/Core (1.19.2):
    - AFNetworking (~> 2.5)
    - CocoaLumberjack (~> 2.0)
    - ISO8601DateFormatter (~> 0.7)
    - libextobjc (~> 0.4)
  - Lock/CoreUI (1.19.2):
    - CocoaLumberjack (~> 2.0)
    - libextobjc (~> 0.4)
    - Lock/Core
  - Lock/Email (1.19.2):
    - CocoaLumberjack (~> 2.0)
    - libextobjc (~> 0.4)
    - Lock/UI
  - Lock/ReactiveCore (1.19.2):
    - CocoaLumberjack (~> 2.0)
    - libextobjc (~> 0.4)
    - Lock/Core
    - ReactiveCocoa (~> 2.3)
  - Lock/Safari (1.19.2):
    - CocoaLumberjack (~> 2.0)
    - libextobjc (~> 0.4)
    - Lock/Core
  - Lock/SMS (1.19.2):
    - CocoaLumberjack (~> 2.0)
    - libextobjc (~> 0.4)
    - Lock/UI
  - Lock/TouchID (1.19.2):
    - CocoaLumberjack (~> 2.0)
    - libextobjc (~> 0.4)
    - Lock/UI
    - SimpleKeychain (~> 0.2)
    - TouchIDAuth (~> 0.1)
  - Lock/UI (1.19.2):
    - CocoaLumberjack (~> 2.0)
    - libextobjc (~> 0.4)
    - Lock/CoreUI
  - Lock/WebView (1.19.2):
    - CocoaLumberjack (~> 2.0)
    - libextobjc (~> 0.4)
    - Lock/CoreUI
  - LUKeychainAccess (1.2.5)
  - NSData+Base64 (1.0.0)
  - OAuthCore (0.0.1):
    - NSData+Base64
  - ObjectiveSugar (1.1.0)
  - OCHamcrest (4.3.0)
  - OCMockito (2.0.1):
    - OCHamcrest (~> 4.0)
  - OHHTTPStubs (4.3.0):
    - OHHTTPStubs/Default (= 4.3.0)
  - OHHTTPStubs/Core (4.3.0)
  - OHHTTPStubs/Default (4.3.0):
    - OHHTTPStubs/Core
    - OHHTTPStubs/JSON
    - OHHTTPStubs/NSURLSession
    - OHHTTPStubs/OHPathHelpers
  - OHHTTPStubs/JSON (4.3.0):
    - OHHTTPStubs/Core
  - OHHTTPStubs/NSURLSession (4.3.0):
    - OHHTTPStubs/Core
  - OHHTTPStubs/OHPathHelpers (4.3.0)
  - PSAlertView (2.0.3)
  - ReactiveCocoa (2.5):
    - ReactiveCocoa/UI (= 2.5)
  - ReactiveCocoa/Core (2.5):
    - ReactiveCocoa/no-arc
  - ReactiveCocoa/no-arc (2.5)
  - ReactiveCocoa/UI (2.5):
    - ReactiveCocoa/Core
  - SimpleKeychain (0.5.0)
  - Specta (1.0.4)
  - TouchIDAuth (0.1.2):
    - libextobjc (~> 0.4)
    - SimpleKeychain (~> 0.3)
  - TWReverseAuth (0.1.1):
    - LUKeychainAccess
    - OAuthCore

DEPENDENCIES:
  - BDBOAuth1Manager
  - Crashlytics
  - Expecta
  - Fabric
  - ISO8601DateFormatter
  - JWTDecode (~> 0.2.1)
  - libextobjc
  - Lock (from `../`)
  - Lock-Facebook (~> 2.0)
  - Lock-Twitter (~> 1.0)
  - Lock/1Password (from `../`)
  - Lock/Email (from `../`)
  - Lock/ReactiveCore (from `../`)
  - Lock/Safari (from `../`)
  - Lock/SMS (from `../`)
  - Lock/TouchID (from `../`)
  - Lock/WebView (from `../`)
  - ObjectiveSugar
  - OCHamcrest
  - OCMockito
  - OHHTTPStubs
  - SimpleKeychain
  - Specta

EXTERNAL SOURCES:
  Lock:
    :path: "../"

SPEC CHECKSUMS:
  1PasswordExtension: 42b79b7ac6d8e7468b22b7a651fc0b445bcdbd3e
  AFNetworking: 05edc0ac4c4c8cf57bcf4b84be5b0744b6d8e71e
  BDBOAuth1Manager: 2e28773b58f880fb36b5cd3efcf0b1fefbc78a99
  Bolts: 805a4a87413e49d4a0c2b7d469084cbc46b09342
  CocoaLumberjack: f58d8a19629f4d8379ae14bb3534def24161430e
  Crashlytics: 41c082440d2e14da444186fff65e79c0b4b35d4c
  Expecta: 9d1bff6c8b0eeee73a166a2ee898892478927a15
  Fabric: 190bf1a6eb65f7500de1347d027d2e59a7e53db1
  FBSDKCoreKit: eb580bfc2040ad44f4c0b4f4d0befb1d35bce59c
  FBSDKLoginKit: 01bce8dd3f3a26a023b0ba4ffdde7ef5062889fe
  ISO8601DateFormatter: ab926648eebe497f4d167c0fd083992f959f1274
  JWTDecode: c193d229af74dd72121515c976f930ccbed96a2a
  libextobjc: a650fc1bf489a3d3a9bc2e621efa3e1006fc5471
  Lock: da94a6916dd22673e975e3974cb6ce03d89d905d
  Lock-Facebook: 36e982eb8221dd07fcc9770781e3fc6363be28d3
  Lock-Twitter: 8168e4c3861f6cc6581d1b8d635f41e29a607cb3
  LUKeychainAccess: d22fc00b33ad92c7532962b86daa94c14b85ecbe
  NSData+Base64: 4e84902c4db907a15673474677e57763ef3903e4
  OAuthCore: 43dce261db846a1fe20234d95654257e00e78581
  ObjectiveSugar: a6a25f23d657c19df0a0b972466d5b5ca9f5295c
  OCHamcrest: cd63d27f48a266d4412c0b295b01b8f0940efa81
  OCMockito: f92ad4c6fac2841a88558879cfe517c40aebf91e
  OHHTTPStubs: 0aec5755528693a165bd616cb79f69387de306a8
  PSAlertView: 16d35f5dba549418492cf68a750d4f0dca21f4a2
  ReactiveCocoa: e2db045570aa97c695e7aa97c2bcab222ae51f4a
  SimpleKeychain: ae04c7ca6a960a146081010b412cf0ba2ecb10fe
  Specta: 69bb134672aae190a1379ff91df07dad8dd1f869
  TouchIDAuth: 2e54bba603ad518aefa02fc81fed9a29de0eab32
  TWReverseAuth: d2deef3521fa6bee32eabab67f114c2c4a53d4f5

COCOAPODS: 0.38.2
