PODS:
  - 1PasswordExtension (1.2)
  - AFNetworking (2.5.3):
    - AFNetworking/NSURLConnection (= 2.5.3)
    - AFNetworking/NSURLSession (= 2.5.3)
    - AFNetworking/Reachability (= 2.5.3)
    - AFNetworking/Security (= 2.5.3)
    - AFNetworking/Serialization (= 2.5.3)
    - AFNetworking/UIKit (= 2.5.3)
  - AFNetworking/NSURLConnection (2.5.3):
    - AFNetworking/Reachability
    - AFNetworking/Security
    - AFNetworking/Serialization
  - AFNetworking/NSURLSession (2.5.3):
    - AFNetworking/Reachability
    - AFNetworking/Security
    - AFNetworking/Serialization
  - AFNetworking/Reachability (2.5.3)
  - AFNetworking/Security (2.5.3)
  - AFNetworking/Serialization (2.5.3)
  - AFNetworking/UIKit (2.5.3):
    - AFNetworking/NSURLConnection
    - AFNetworking/NSURLSession
  - BDBOAuth1Manager (1.5.0):
    - AFNetworking/NSURLConnection (~> 2.5.0)
    - AFNetworking/NSURLSession (~> 2.5.0)
  - Bolts (1.1.5):
    - Bolts/AppLinks (= 1.1.5)
    - Bolts/Tasks (= 1.1.5)
  - Bolts/AppLinks (1.1.5):
    - Bolts/Tasks
  - Bolts/Tasks (1.1.5)
  - CocoaLumberjack (2.0.0):
    - CocoaLumberjack/Default (= 2.0.0)
    - CocoaLumberjack/Extensions (= 2.0.0)
  - CocoaLumberjack/Core (2.0.0)
  - CocoaLumberjack/Default (2.0.0):
    - CocoaLumberjack/Core
  - CocoaLumberjack/Extensions (2.0.0):
    - CocoaLumberjack/Default
  - Expecta (1.0.0)
  - Facebook-iOS-SDK (3.23.2):
    - Bolts (~> 1.0)
  - googleplus-ios-sdk (1.7.1)
  - ISO8601DateFormatter (0.7)
  - JWTDecode (0.2.1)
  - libextobjc (0.4.1):
    - libextobjc/EXTADT (= 0.4.1)
    - libextobjc/EXTConcreteProtocol (= 0.4.1)
    - libextobjc/EXTKeyPathCoding (= 0.4.1)
    - libextobjc/EXTNil (= 0.4.1)
    - libextobjc/EXTSafeCategory (= 0.4.1)
    - libextobjc/EXTScope (= 0.4.1)
    - libextobjc/EXTSelectorChecking (= 0.4.1)
    - libextobjc/EXTSynthesize (= 0.4.1)
    - libextobjc/NSInvocation+EXT (= 0.4.1)
    - libextobjc/NSMethodSignature+EXT (= 0.4.1)
    - libextobjc/RuntimeExtensions (= 0.4.1)
    - libextobjc/UmbrellaHeader (= 0.4.1)
  - libextobjc/EXTADT (0.4.1):
    - libextobjc/RuntimeExtensions
  - libextobjc/EXTConcreteProtocol (0.4.1):
    - libextobjc/RuntimeExtensions
  - libextobjc/EXTKeyPathCoding (0.4.1):
    - libextobjc/RuntimeExtensions
  - libextobjc/EXTNil (0.4.1):
    - libextobjc/RuntimeExtensions
  - libextobjc/EXTSafeCategory (0.4.1):
    - libextobjc/RuntimeExtensions
  - libextobjc/EXTScope (0.4.1):
    - libextobjc/RuntimeExtensions
  - libextobjc/EXTSelectorChecking (0.4.1):
    - libextobjc/RuntimeExtensions
  - libextobjc/EXTSynthesize (0.4.1):
    - libextobjc/RuntimeExtensions
  - libextobjc/NSInvocation+EXT (0.4.1):
    - libextobjc/RuntimeExtensions
  - libextobjc/NSMethodSignature+EXT (0.4.1):
    - libextobjc/RuntimeExtensions
  - libextobjc/RuntimeExtensions (0.4.1)
  - libextobjc/UmbrellaHeader (0.4.1)
  - Lock (1.11.3):
    - CocoaLumberjack (~> 2.0.0-rc)
    - libextobjc (~> 0.4)
    - Lock/Core (= 1.11.3)
    - Lock/Twitter (= 1.11.3)
    - Lock/UI (= 1.11.3)
  - Lock/1Password (1.11.3):
    - 1PasswordExtension (~> 1.2)
    - CocoaLumberjack (~> 2.0.0-rc)
    - libextobjc (~> 0.4)
    - Lock/Core
  - Lock/Core (1.11.3):
    - AFNetworking (~> 2.5)
    - CocoaLumberjack (~> 2.0.0-rc)
    - ISO8601DateFormatter (~> 0.7)
    - libextobjc (~> 0.4)
  - Lock/Facebook (1.11.3):
    - CocoaLumberjack (~> 2.0.0-rc)
    - Facebook-iOS-SDK (~> 3.15)
    - libextobjc (~> 0.4)
    - Lock/Core
  - Lock/GooglePlus (1.11.3):
    - CocoaLumberjack (~> 2.0.0-rc)
    - googleplus-ios-sdk (~> 1.7.1)
    - libextobjc (~> 0.4)
    - Lock/Core
  - Lock/ReactiveCore (1.11.3):
    - CocoaLumberjack (~> 2.0.0-rc)
    - libextobjc (~> 0.4)
    - Lock/Core
    - ReactiveCocoa (~> 2.3)
  - Lock/SMS (1.11.3):
    - CocoaLumberjack (~> 2.0.0-rc)
    - libextobjc (~> 0.4)
    - Lock/UI
  - Lock/TouchID (1.11.3):
    - CocoaLumberjack (~> 2.0.0-rc)
    - libextobjc (~> 0.4)
    - Lock/UI
    - SimpleKeychain (~> 0.2)
    - TouchIDAuth (~> 0.1)
  - Lock/Twitter (1.11.3):
    - BDBOAuth1Manager (~> 1.5.0)
    - CocoaLumberjack (~> 2.0.0-rc)
    - libextobjc (~> 0.4)
    - Lock/Core
    - PSAlertView (~> 2.0)
    - TWReverseAuth (~> 0.1.0)
  - Lock/UI (1.11.3):
    - CocoaLumberjack (~> 2.0.0-rc)
    - libextobjc (~> 0.4)
    - Lock/Core
  - LUKeychainAccess (1.2.4)
  - NSData+Base64 (1.0.0)
  - OAuthCore (0.0.1):
    - NSData+Base64
  - OCHamcrest (4.1.1)
  - OCMockito (1.4.0):
    - OCHamcrest (~> 4.0)
  - OHHTTPStubs (4.0.1)
  - PSAlertView (2.0.3)
  - ReactiveCocoa (2.5):
    - ReactiveCocoa/UI (= 2.5)
  - ReactiveCocoa/Core (2.5):
    - ReactiveCocoa/no-arc
  - ReactiveCocoa/no-arc (2.5)
  - ReactiveCocoa/UI (2.5):
    - ReactiveCocoa/Core
  - SimpleKeychain (0.3.0)
  - Specta (0.5.0)
  - TouchIDAuth (0.1.1):
    - libextobjc (~> 0.4)
    - SimpleKeychain (~> 0.3)
  - TWReverseAuth (0.1.1):
    - LUKeychainAccess
    - OAuthCore

DEPENDENCIES:
  - BDBOAuth1Manager
  - Expecta
  - ISO8601DateFormatter
  - JWTDecode
  - libextobjc
  - Lock (from `../`)
  - Lock/1Password (from `../`)
  - Lock/Facebook (from `../`)
  - Lock/GooglePlus (from `../`)
  - Lock/ReactiveCore (from `../`)
  - Lock/SMS (from `../`)
  - Lock/TouchID (from `../`)
  - OCHamcrest
  - OCMockito
  - OHHTTPStubs
  - SimpleKeychain
  - Specta (~> 0.5)

EXTERNAL SOURCES:
  Lock:
    :path: "../"

SPEC CHECKSUMS:
  1PasswordExtension: fcf300204bda5b5c78936dbb937a7d661f1ca796
  AFNetworking: e1d86c2a96bb5d2e7408da36149806706ee122fe
  BDBOAuth1Manager: 2e28773b58f880fb36b5cd3efcf0b1fefbc78a99
  Bolts: aac24961496d504aa56fc267cde95162a71bac39
  CocoaLumberjack: a6f77d987d65dc7ba86b0f84db7d0b9084f77bcb
  Expecta: 32604574add2c46a36f8d2f716b6c5736eb75024
  Facebook-iOS-SDK: cd87f0b2f0c1d9574b44e8fa2baacc275524bac3
  googleplus-ios-sdk: 065d9135061a5f84c07656a68ced48336408fe35
  ISO8601DateFormatter: ab926648eebe497f4d167c0fd083992f959f1274
  JWTDecode: bff190dc06ff9ee7a3a244c454dc8ef05962c994
  libextobjc: a650fc1bf489a3d3a9bc2e621efa3e1006fc5471
  Lock: 3fcaff54991021e52d5ed47697c125fa9b704050
  LUKeychainAccess: 6479edb12cf06e11ff3336f796959eedbc58f714
  NSData+Base64: 4e84902c4db907a15673474677e57763ef3903e4
  OAuthCore: 43dce261db846a1fe20234d95654257e00e78581
  OCHamcrest: 6f03ffa81d12feab872638490a44ab0a6d3aca10
  OCMockito: 4981140c9a9ec06c31af40f636e3c0f25f27e6b2
  OHHTTPStubs: 69b1d48b7dfe838a355fdf48d8592d1042e3d85f
  PSAlertView: 16d35f5dba549418492cf68a750d4f0dca21f4a2
  ReactiveCocoa: e2db045570aa97c695e7aa97c2bcab222ae51f4a
  SimpleKeychain: 8de48eb1de10c6403911a6be52e127e5b5d31404
  Specta: eb90708ed77569bbda089f8ead10bb99b8e9489e
  TouchIDAuth: f63596baf1c23d85211ab7a3b4bea794d73f3e36
  TWReverseAuth: d2deef3521fa6bee32eabab67f114c2c4a53d4f5

COCOAPODS: 0.37.1
