PODS:
  - 1PasswordExtension (1.6.3)
  - AFNetworking (2.6.1):
    - AFNetworking/NSURLConnection (= 2.6.1)
    - AFNetworking/NSURLSession (= 2.6.1)
    - AFNetworking/Reachability (= 2.6.1)
    - AFNetworking/Security (= 2.6.1)
    - AFNetworking/Serialization (= 2.6.1)
    - AFNetworking/UIKit (= 2.6.1)
  - AFNetworking/NSURLConnection (2.6.1):
    - AFNetworking/Reachability
    - AFNetworking/Security
    - AFNetworking/Serialization
  - AFNetworking/NSURLSession (2.6.1):
    - AFNetworking/Reachability
    - AFNetworking/Security
    - AFNetworking/Serialization
  - AFNetworking/Reachability (2.6.1)
  - AFNetworking/Security (2.6.1)
  - AFNetworking/Serialization (2.6.1)
  - AFNetworking/UIKit (2.6.1):
    - AFNetworking/NSURLConnection
    - AFNetworking/NSURLSession
  - Bolts (1.4.0):
    - Bolts/AppLinks (= 1.4.0)
    - Bolts/Tasks (= 1.4.0)
  - Bolts/AppLinks (1.4.0):
    - Bolts/Tasks
  - Bolts/Tasks (1.4.0)
  - CocoaLumberjack (2.2.0):
    - CocoaLumberjack/Default (= 2.2.0)
    - CocoaLumberjack/Extensions (= 2.2.0)
  - CocoaLumberjack/Core (2.2.0)
  - CocoaLumberjack/Default (2.2.0):
    - CocoaLumberjack/Core
  - CocoaLumberjack/Extensions (2.2.0):
    - CocoaLumberjack/Default
  - Crashlytics (3.3.4)
  - Expecta (1.0.3)
  - Fabric (1.5.5):
    - Fabric/Base (= 1.5.5)
  - Fabric/Base (1.5.5)
  - FBSDKCoreKit (4.7.1):
    - Bolts (~> 1.1)
    - FBSDKCoreKit/arc (= 4.7.1)
    - FBSDKCoreKit/no-arc (= 4.7.1)
  - FBSDKCoreKit/arc (4.7.1):
    - Bolts (~> 1.1)
  - FBSDKCoreKit/no-arc (4.7.1):
    - Bolts (~> 1.1)
    - FBSDKCoreKit/arc
  - FBSDKLoginKit (4.7.1):
    - FBSDKCoreKit
  - ISO8601DateFormatter (0.7)
  - JWTDecode (0.2.2)
  - Lock-Facebook (2.2.1):
    - CocoaLumberjack (~> 2.0)
    - FBSDKCoreKit (~> 4.6)
    - FBSDKLoginKit (~> 4.6)
    - Lock/Core (~> 1.11)
  - Lock/1Password (1.20.0):
    - 1PasswordExtension (~> 1.2)
    - CocoaLumberjack (~> 2.0)
    - Lock/Core
  - Lock/Core (1.20.0):
    - AFNetworking (~> 2.5)
    - CocoaLumberjack (~> 2.0)
    - ISO8601DateFormatter (~> 0.7)
  - Lock/CoreUI (1.20.0):
    - CocoaLumberjack (~> 2.0)
    - Lock/Core
  - Lock/Email (1.20.0):
    - CocoaLumberjack (~> 2.0)
    - Lock/UI
  - Lock/ReactiveCore (1.20.0):
    - CocoaLumberjack (~> 2.0)
    - Lock/Core
    - ReactiveCocoa (~> 2.3)
  - Lock/Safari (1.20.0):
    - CocoaLumberjack (~> 2.0)
    - Lock/CoreUI
  - Lock/SMS (1.20.0):
    - CocoaLumberjack (~> 2.0)
    - Lock/UI
  - Lock/TouchID (1.20.0):
    - CocoaLumberjack (~> 2.0)
    - Lock/UI
    - SimpleKeychain (~> 0.2)
    - TouchIDAuth (~> 0.1)
  - Lock/UI (1.20.0):
    - CocoaLumberjack (~> 2.0)
    - Lock/CoreUI
  - Lock/WebView (1.20.0):
    - CocoaLumberjack (~> 2.0)
    - Lock/CoreUI
  - ObjectiveSugar (1.1.0)
  - OCHamcrest (4.3.0)
  - OCMockito (2.0.1):
    - OCHamcrest (~> 4.0)
  - OHHTTPStubs (4.4.0):
    - OHHTTPStubs/Default (= 4.4.0)
  - OHHTTPStubs/Core (4.4.0)
  - OHHTTPStubs/Default (4.4.0):
    - OHHTTPStubs/Core
    - OHHTTPStubs/JSON
    - OHHTTPStubs/NSURLSession
    - OHHTTPStubs/OHPathHelpers
  - OHHTTPStubs/JSON (4.4.0):
    - OHHTTPStubs/Core
  - OHHTTPStubs/NSURLSession (4.4.0):
    - OHHTTPStubs/Core
  - OHHTTPStubs/OHPathHelpers (4.4.0)
  - ReactiveCocoa (2.5):
    - ReactiveCocoa/UI (= 2.5)
  - ReactiveCocoa/Core (2.5):
    - ReactiveCocoa/no-arc
  - ReactiveCocoa/no-arc (2.5)
  - ReactiveCocoa/UI (2.5):
    - ReactiveCocoa/Core
  - SimpleKeychain (0.6.1)
  - Specta (1.0.4)
  - TouchIDAuth (0.2.0):
    - SimpleKeychain (~> 0.3)

DEPENDENCIES:
  - Crashlytics
  - Expecta
  - Fabric
  - ISO8601DateFormatter
  - JWTDecode (~> 0.2.1)
  - Lock-Facebook (~> 2.0)
  - Lock/1Password (from `../`)
  - Lock/Email (from `../`)
  - Lock/ReactiveCore (from `../`)
  - Lock/Safari (from `../`)
  - Lock/SMS (from `../`)
  - Lock/TouchID (from `../`)
  - Lock/WebView (from `../`)
  - ObjectiveSugar
  - OCHamcrest
  - OCMockito
  - OHHTTPStubs
  - SimpleKeychain
  - Specta

EXTERNAL SOURCES:
  Lock:
    :path: "../"

SPEC CHECKSUMS:
  1PasswordExtension: 676a216461ffa9189db66541b5a2465e10ae4743
  AFNetworking: 8e4e60500beb8bec644cf575beee72990a76d399
  Bolts: 0e9bce58b9b9f5e8a7a4d47b16d2fabec289072b
  CocoaLumberjack: 17fe8581f84914d5d7e6360f7c70022b173c3ae0
  Crashlytics: 41c082440d2e14da444186fff65e79c0b4b35d4c
  Expecta: 9d1bff6c8b0eeee73a166a2ee898892478927a15
  Fabric: 190bf1a6eb65f7500de1347d027d2e59a7e53db1
  FBSDKCoreKit: 9141b70960a37930850370495fe565f4a27ac141
  FBSDKLoginKit: c11ed3c2833472db3bb4a4aecf27af4a6f69b173
  ISO8601DateFormatter: ab926648eebe497f4d167c0fd083992f959f1274
  JWTDecode: c193d229af74dd72121515c976f930ccbed96a2a
  Lock: 0d82066ae85e6c124ed9d6f3bed58dfe6ba4e073
  Lock-Facebook: 09f2397cbc9ae2e1fc654f7e66248da30343e349
  ObjectiveSugar: a6a25f23d657c19df0a0b972466d5b5ca9f5295c
  OCHamcrest: cd63d27f48a266d4412c0b295b01b8f0940efa81
  OCMockito: f92ad4c6fac2841a88558879cfe517c40aebf91e
  OHHTTPStubs: 1a95a653b78287a1fdb44eb38364b43257ac3550
  ReactiveCocoa: e2db045570aa97c695e7aa97c2bcab222ae51f4a
  SimpleKeychain: 150d76f3b9200de58f033228f6e976c6241a221c
  Specta: 69bb134672aae190a1379ff91df07dad8dd1f869
  TouchIDAuth: 0cf861f58a2cacfc1c12cb02de4850729d943c81

COCOAPODS: 0.39.0
