PODS:
  - AFNetworking (2.5.0):
    - AFNetworking/NSURLConnection (= 2.5.0)
    - AFNetworking/NSURLSession (= 2.5.0)
    - AFNetworking/Reachability (= 2.5.0)
    - AFNetworking/Security (= 2.5.0)
    - AFNetworking/Serialization (= 2.5.0)
    - AFNetworking/UIKit (= 2.5.0)
  - AFNetworking/NSURLConnection (2.5.0):
    - AFNetworking/Reachability
    - AFNetworking/Security
    - AFNetworking/Serialization
  - AFNetworking/NSURLSession (2.5.0):
    - AFNetworking/Reachability
    - AFNetworking/Security
    - AFNetworking/Serialization
  - AFNetworking/Reachability (2.5.0)
  - AFNetworking/Security (2.5.0)
  - AFNetworking/Serialization (2.5.0)
  - AFNetworking/UIKit (2.5.0):
    - AFNetworking/NSURLConnection
    - AFNetworking/NSURLSession
  - BDBOAuth1Manager (1.5.0):
    - AFNetworking/NSURLConnection (~> 2.5.0)
    - AFNetworking/NSURLSession (~> 2.5.0)
  - Bolts (1.1.3)
  - CocoaLumberjack (1.9.2):
    - CocoaLumberjack/Extensions (= 1.9.2)
  - CocoaLumberjack/Core (1.9.2)
  - CocoaLumberjack/Extensions (1.9.2):
    - CocoaLumberjack/Core
  - Facebook-iOS-SDK (3.21.0):
    - Bolts (~> 1.0)
  - ISO8601DateFormatter (0.7)
  - JWTDecode (0.2.0)
  - libextobjc (0.4.1):
    - libextobjc/EXTADT (= 0.4.1)
    - libextobjc/EXTConcreteProtocol (= 0.4.1)
    - libextobjc/EXTKeyPathCoding (= 0.4.1)
    - libextobjc/EXTNil (= 0.4.1)
    - libextobjc/EXTSafeCategory (= 0.4.1)
    - libextobjc/EXTScope (= 0.4.1)
    - libextobjc/EXTSelectorChecking (= 0.4.1)
    - libextobjc/EXTSynthesize (= 0.4.1)
    - libextobjc/NSInvocation+EXT (= 0.4.1)
    - libextobjc/NSMethodSignature+EXT (= 0.4.1)
    - libextobjc/RuntimeExtensions (= 0.4.1)
    - libextobjc/UmbrellaHeader (= 0.4.1)
  - libextobjc/EXTADT (0.4.1):
    - libextobjc/RuntimeExtensions
  - libextobjc/EXTConcreteProtocol (0.4.1):
    - libextobjc/RuntimeExtensions
  - libextobjc/EXTKeyPathCoding (0.4.1):
    - libextobjc/RuntimeExtensions
  - libextobjc/EXTNil (0.4.1):
    - libextobjc/RuntimeExtensions
  - libextobjc/EXTSafeCategory (0.4.1):
    - libextobjc/RuntimeExtensions
  - libextobjc/EXTScope (0.4.1):
    - libextobjc/RuntimeExtensions
  - libextobjc/EXTSelectorChecking (0.4.1):
    - libextobjc/RuntimeExtensions
  - libextobjc/EXTSynthesize (0.4.1):
    - libextobjc/RuntimeExtensions
  - libextobjc/NSInvocation+EXT (0.4.1):
    - libextobjc/RuntimeExtensions
  - libextobjc/NSMethodSignature+EXT (0.4.1):
    - libextobjc/RuntimeExtensions
  - libextobjc/RuntimeExtensions (0.4.1)
  - libextobjc/UmbrellaHeader (0.4.1)
  - Lock (1.7.0):
    - CocoaLumberjack (~> 1.9)
    - libextobjc (~> 0.4)
    - Lock/Core (= 1.7.0)
    - Lock/Facebook (= 1.7.0)
    - Lock/Twitter (= 1.7.0)
    - Lock/UI (= 1.7.0)
    - ObjectiveSugar (~> 1.1)
  - Lock/Core (1.7.0):
    - AFNetworking (~> 2.4)
    - CocoaLumberjack (~> 1.9)
    - ISO8601DateFormatter (~> 0.7)
    - libextobjc (~> 0.4)
    - ObjectiveSugar (~> 1.1)
  - Lock/Facebook (1.7.0):
    - CocoaLumberjack (~> 1.9)
    - Facebook-iOS-SDK (~> 3.15)
    - libextobjc (~> 0.4)
    - Lock/Core
    - ObjectiveSugar (~> 1.1)
  - Lock/Twitter (1.7.0):
    - BDBOAuth1Manager (~> 1.5.0)
    - CocoaLumberjack (~> 1.9)
    - libextobjc (~> 0.4)
    - Lock/Core
    - ObjectiveSugar (~> 1.1)
    - PSAlertView (~> 2.0)
    - TWReverseAuth (~> 0.1.0)
  - Lock/UI (1.7.0):
    - CocoaLumberjack (~> 1.9)
    - libextobjc (~> 0.4)
    - Lock/Core
    - ObjectiveSugar (~> 1.1)
  - LUKeychainAccess (1.2.3)
  - MBProgressHUD (0.9)
  - NSData+Base64 (1.0.0)
  - OAuthCore (0.0.1):
    - NSData+Base64
  - ObjectiveSugar (1.1.0)
  - PSAlertView (2.0.3)
  - SDWebImage (3.7.1):
    - SDWebImage/Core (= 3.7.1)
  - SDWebImage/Core (3.7.1)
  - SimpleKeychain (0.2.0)
  - TWReverseAuth (0.1.1):
    - LUKeychainAccess
    - OAuthCore

DEPENDENCIES:
  - JWTDecode (~> 0.2)
  - Lock (~> 1.7)
  - MBProgressHUD (~> 0.8)
  - SDWebImage (~> 3.7.1)
  - SimpleKeychain (~> 0.2)

SPEC CHECKSUMS:
  AFNetworking: 0f54cb5d16ce38c1b76948faffb8d5fb705021c7
  BDBOAuth1Manager: 274574557077abc873fc5688abe8b991e782749c
  Bolts: 3db0a875235e0c9042b013af13af0f00f79b102c
  CocoaLumberjack: 205769c032b5fef85b92472046bcc8b7e7c8a817
  Facebook-iOS-SDK: 9f2273a2dcdf911045cc2916cc9f6f5cf568d70e
  ISO8601DateFormatter: 59731cd880cf87e71b4fa95f0d6b713dcbc4cbce
  JWTDecode: e8fcad5a85eb7d1143fd9c33655e8cfb9aa998c8
  libextobjc: d6146fce3ebea986b7f75fcb4c967639200b88b0
  Lock: 04e19fc4fec12ac61ebaa1f314781c737f90f9ef
  LUKeychainAccess: 8d45b6c894c0d808786b1740c057b5e776313d88
  MBProgressHUD: 2038dbcf3dce73215abed6001657043d53aa79a8
  NSData+Base64: aae92a2e3f0bd88b29fe6093551ded3f5c062548
  OAuthCore: 09d3c56dd3f64a61d1ffcbf103f28118ff8ca2e9
  ObjectiveSugar: f48793f5902c77cfc02a4ce46d2e8ecddcad4dc2
  PSAlertView: fa44c0b5dbdae9afa9c2ec5e0662f5d33fd1148c
  SDWebImage: 116e88633b5b416ea0ca4b334a4ac59cf72dd38d
  SimpleKeychain: f7c55140169037f7540c949b25da53096036b231
  TWReverseAuth: da3ae5f14c3b26ebb503ddff25cb1cb0b9c1839b

COCOAPODS: 0.35.0
