<?xml version="1.0" encoding="UTF-8"?>
<!DOCTYPE plist PUBLIC "-//Apple//DTD PLIST 1.0//EN" "http://www.apple.com/DTDs/PropertyList-1.0.dtd">
<plist version="1.0">
<dict>
	<key>archiveVersion</key>
	<string>1</string>
	<key>classes</key>
	<dict/>
	<key>objectVersion</key>
	<string>46</string>
	<key>objects</key>
	<dict>
		<key>5F508FF21D1D863400EAA650</key>
		<dict>
			<key>children</key>
			<array>
				<string>5FC4348E1D1E0A57005188BC</string>
				<string>5F508FF61D1D868900EAA650</string>
			</array>
			<key>isa</key>
			<string>PBXGroup</string>
			<key>name</key>
			<string>Interactors</string>
			<key>path</key>
			<string>Interactors</string>
			<key>sourceTree</key>
			<string>&lt;group&gt;</string>
		</dict>
		<key>5F508FF61D1D868900EAA650</key>
		<dict>
			<key>fileEncoding</key>
			<string>4</string>
			<key>isa</key>
			<string>PBXFileReference</string>
			<key>lastKnownFileType</key>
			<string>sourcecode.swift</string>
			<key>path</key>
			<string>DatabaseInteractor.swift</string>
			<key>sourceTree</key>
			<string>&lt;group&gt;</string>
		</dict>
		<key>5F508FF71D1D868900EAA650</key>
		<dict>
			<key>fileRef</key>
			<string>5F508FF61D1D868900EAA650</string>
			<key>isa</key>
			<string>PBXBuildFile</string>
		</dict>
		<key>5F508FF81D1DB01D00EAA650</key>
		<dict>
			<key>children</key>
			<array>
				<string>5F508FF91D1DB1C200EAA650</string>
			</array>
			<key>isa</key>
			<string>PBXGroup</string>
			<key>name</key>
			<string>Interactors</string>
			<key>path</key>
			<string>Interactors</string>
			<key>sourceTree</key>
			<string>&lt;group&gt;</string>
		</dict>
		<key>5F508FF91D1DB1C200EAA650</key>
		<dict>
			<key>fileEncoding</key>
			<string>4</string>
			<key>isa</key>
			<string>PBXFileReference</string>
			<key>lastKnownFileType</key>
			<string>sourcecode.swift</string>
			<key>path</key>
			<string>DatabaseInteractorSpec.swift</string>
			<key>sourceTree</key>
			<string>&lt;group&gt;</string>
		</dict>
		<key>5F508FFB1D1DB1E700EAA650</key>
		<dict>
			<key>fileRef</key>
			<string>5F508FF91D1DB1C200EAA650</string>
			<key>isa</key>
			<string>PBXBuildFile</string>
		</dict>
		<key>5F5090021D1DE78100EAA650</key>
		<dict>
			<key>buildActionMask</key>
			<string>2147483647</string>
			<key>dstPath</key>
			<string></string>
			<key>dstSubfolderSpec</key>
			<string>10</string>
			<key>files</key>
			<array>
				<string>5F5090031D1DE78800EAA650</string>
				<string>5F5090041D1DE78800EAA650</string>
				<string>5F5090051D1DE78800EAA650</string>
			</array>
			<key>isa</key>
			<string>PBXCopyFilesBuildPhase</string>
			<key>runOnlyForDeploymentPostprocessing</key>
			<string>0</string>
		</dict>
		<key>5F5090031D1DE78800EAA650</key>
		<dict>
			<key>fileRef</key>
			<string>5F814FD01D1A7294003670A4</string>
			<key>isa</key>
			<string>PBXBuildFile</string>
			<key>settings</key>
			<dict>
				<key>ATTRIBUTES</key>
				<array>
					<string>CodeSignOnCopy</string>
					<string>RemoveHeadersOnCopy</string>
				</array>
			</dict>
		</dict>
		<key>5F5090041D1DE78800EAA650</key>
		<dict>
			<key>fileRef</key>
			<string>5F814FD11D1A7294003670A4</string>
			<key>isa</key>
			<string>PBXBuildFile</string>
			<key>settings</key>
			<dict>
				<key>ATTRIBUTES</key>
				<array>
					<string>CodeSignOnCopy</string>
					<string>RemoveHeadersOnCopy</string>
				</array>
			</dict>
		</dict>
		<key>5F5090051D1DE78800EAA650</key>
		<dict>
			<key>fileRef</key>
			<string>5F814FD31D1A7294003670A4</string>
			<key>isa</key>
			<string>PBXBuildFile</string>
			<key>settings</key>
			<dict>
				<key>ATTRIBUTES</key>
				<array>
					<string>CodeSignOnCopy</string>
					<string>RemoveHeadersOnCopy</string>
				</array>
			</dict>
		</dict>
		<key>5F5090061D1DE7A000EAA650</key>
		<dict>
			<key>children</key>
			<array>
				<string>5F5090091D1DEE9A00EAA650</string>
				<string>5F5090071D1DE7BA00EAA650</string>
			</array>
			<key>isa</key>
			<string>PBXGroup</string>
			<key>name</key>
			<string>Utils</string>
			<key>path</key>
			<string>Utils</string>
			<key>sourceTree</key>
			<string>&lt;group&gt;</string>
		</dict>
		<key>5F5090071D1DE7BA00EAA650</key>
		<dict>
			<key>fileEncoding</key>
			<string>4</string>
			<key>isa</key>
			<string>PBXFileReference</string>
			<key>lastKnownFileType</key>
			<string>sourcecode.swift</string>
			<key>path</key>
			<string>NetworkStub.swift</string>
			<key>sourceTree</key>
			<string>&lt;group&gt;</string>
		</dict>
		<key>5F5090081D1DE7BA00EAA650</key>
		<dict>
			<key>fileRef</key>
			<string>5F5090071D1DE7BA00EAA650</string>
			<key>isa</key>
			<string>PBXBuildFile</string>
		</dict>
		<key>5F5090091D1DEE9A00EAA650</key>
		<dict>
			<key>fileEncoding</key>
			<string>4</string>
			<key>isa</key>
			<string>PBXFileReference</string>
			<key>lastKnownFileType</key>
			<string>sourcecode.swift</string>
			<key>path</key>
			<string>Constants.swift</string>
			<key>sourceTree</key>
			<string>&lt;group&gt;</string>
		</dict>
		<key>5F50900A1D1DEE9A00EAA650</key>
		<dict>
			<key>fileRef</key>
			<string>5F5090091D1DEE9A00EAA650</string>
			<key>isa</key>
			<string>PBXBuildFile</string>
		</dict>
		<key>5F50900C1D1DF3ED00EAA650</key>
		<dict>
			<key>children</key>
			<array>
				<string>5F50900D1D1DF40400EAA650</string>
				<string>5FC434851D1DF769005188BC</string>
			</array>
			<key>isa</key>
			<string>PBXGroup</string>
			<key>name</key>
			<string>Views</string>
			<key>path</key>
			<string>Views</string>
			<key>sourceTree</key>
			<string>&lt;group&gt;</string>
		</dict>
		<key>5F50900D1D1DF40400EAA650</key>
		<dict>
			<key>fileEncoding</key>
			<string>4</string>
			<key>isa</key>
			<string>PBXFileReference</string>
			<key>lastKnownFileType</key>
			<string>sourcecode.swift</string>
			<key>path</key>
			<string>DatabaseOnlyView.swift</string>
			<key>sourceTree</key>
			<string>&lt;group&gt;</string>
		</dict>
		<key>5F50900E1D1DF40400EAA650</key>
		<dict>
			<key>fileRef</key>
			<string>5F50900D1D1DF40400EAA650</string>
			<key>isa</key>
			<string>PBXBuildFile</string>
		</dict>
		<key>5F51EE671D1C88FC0024BCD6</key>
		<dict>
			<key>fileEncoding</key>
			<string>4</string>
			<key>isa</key>
			<string>PBXFileReference</string>
			<key>lastKnownFileType</key>
			<string>sourcecode.swift</string>
			<key>path</key>
			<string>SignUpView.swift</string>
			<key>sourceTree</key>
			<string>&lt;group&gt;</string>
		</dict>
		<key>5F51EE681D1C88FC0024BCD6</key>
		<dict>
			<key>fileRef</key>
			<string>5F51EE671D1C88FC0024BCD6</string>
			<key>isa</key>
			<string>PBXBuildFile</string>
		</dict>
		<key>5F51EE691D1CBC830024BCD6</key>
		<dict>
			<key>fileEncoding</key>
			<string>4</string>
			<key>isa</key>
			<string>PBXFileReference</string>
			<key>lastKnownFileType</key>
			<string>sourcecode.swift</string>
			<key>path</key>
			<string>ForgotPasswordView.swift</string>
			<key>sourceTree</key>
			<string>&lt;group&gt;</string>
		</dict>
		<key>5F51EE6A1D1CBC830024BCD6</key>
		<dict>
			<key>fileRef</key>
			<string>5F51EE691D1CBC830024BCD6</string>
			<key>isa</key>
			<string>PBXBuildFile</string>
		</dict>
		<key>5F51EE6B1D1CE6110024BCD6</key>
		<dict>
			<key>children</key>
			<array>
				<string>5F51EE6D1D1CE6210024BCD6</string>
			</array>
			<key>isa</key>
			<string>PBXGroup</string>
			<key>name</key>
			<string>Controllers</string>
			<key>path</key>
			<string>Controllers</string>
			<key>sourceTree</key>
			<string>&lt;group&gt;</string>
		</dict>
		<key>5F51EE6D1D1CE6210024BCD6</key>
		<dict>
			<key>fileEncoding</key>
			<string>4</string>
			<key>isa</key>
			<string>PBXFileReference</string>
			<key>lastKnownFileType</key>
			<string>sourcecode.swift</string>
			<key>path</key>
			<string>LockViewController.swift</string>
			<key>sourceTree</key>
			<string>&lt;group&gt;</string>
		</dict>
		<key>5F51EE6E1D1CE6210024BCD6</key>
		<dict>
			<key>fileRef</key>
			<string>5F51EE6D1D1CE6210024BCD6</string>
			<key>isa</key>
			<string>PBXBuildFile</string>
		</dict>
		<key>5F814FD01D1A7294003670A4</key>
		<dict>
			<key>isa</key>
			<string>PBXFileReference</string>
			<key>lastKnownFileType</key>
			<string>wrapper.framework</string>
			<key>name</key>
			<string>Quick.framework</string>
			<key>path</key>
			<string>Carthage/Build/iOS/Quick.framework</string>
			<key>sourceTree</key>
			<string>&lt;group&gt;</string>
		</dict>
		<key>5F814FD11D1A7294003670A4</key>
		<dict>
			<key>isa</key>
			<string>PBXFileReference</string>
			<key>lastKnownFileType</key>
			<string>wrapper.framework</string>
			<key>name</key>
			<string>Nimble.framework</string>
			<key>path</key>
			<string>Carthage/Build/iOS/Nimble.framework</string>
			<key>sourceTree</key>
			<string>&lt;group&gt;</string>
		</dict>
		<key>5F814FD21D1A7294003670A4</key>
		<dict>
			<key>isa</key>
			<string>PBXFileReference</string>
			<key>lastKnownFileType</key>
			<string>wrapper.framework</string>
			<key>name</key>
			<string>Auth0.framework</string>
			<key>path</key>
			<string>Carthage/Build/iOS/Auth0.framework</string>
			<key>sourceTree</key>
			<string>&lt;group&gt;</string>
		</dict>
		<key>5F814FD31D1A7294003670A4</key>
		<dict>
			<key>isa</key>
			<string>PBXFileReference</string>
			<key>lastKnownFileType</key>
			<string>wrapper.framework</string>
			<key>name</key>
			<string>OHHTTPStubs.framework</string>
			<key>path</key>
			<string>Carthage/Build/iOS/OHHTTPStubs.framework</string>
			<key>sourceTree</key>
			<string>&lt;group&gt;</string>
		</dict>
		<key>5F814FD51D1A72A6003670A4</key>
		<dict>
			<key>fileRef</key>
			<string>5F814FD01D1A7294003670A4</string>
			<key>isa</key>
			<string>PBXBuildFile</string>
		</dict>
		<key>5F814FD61D1A72A6003670A4</key>
		<dict>
			<key>fileRef</key>
			<string>5F814FD11D1A7294003670A4</string>
			<key>isa</key>
			<string>PBXBuildFile</string>
		</dict>
		<key>5F814FD71D1A72A6003670A4</key>
		<dict>
			<key>fileRef</key>
			<string>5F814FD31D1A7294003670A4</string>
			<key>isa</key>
			<string>PBXBuildFile</string>
		</dict>
		<key>5F99AA761D1A7FA100D27842</key>
		<dict>
			<key>fileRef</key>
			<string>5F814FD21D1A7294003670A4</string>
			<key>isa</key>
			<string>PBXBuildFile</string>
		</dict>
		<key>5F99AA771D1A7FB600D27842</key>
		<dict>
			<key>containerPortal</key>
			<string>5FEAE1BD1D1A5154005C0028</string>
			<key>isa</key>
			<string>PBXContainerItemProxy</string>
			<key>proxyType</key>
			<string>1</string>
			<key>remoteGlobalIDString</key>
			<string>5FEADCF31D1A7EBC0032D810</string>
			<key>remoteInfo</key>
			<string>LockApp</string>
		</dict>
		<key>5F99AA781D1A7FB600D27842</key>
		<dict>
			<key>isa</key>
			<string>PBXTargetDependency</string>
			<key>target</key>
			<string>5FEADCF31D1A7EBC0032D810</string>
			<key>targetProxy</key>
			<string>5F99AA771D1A7FB600D27842</string>
		</dict>
		<key>5F99AA791D1B031500D27842</key>
		<dict>
			<key>isa</key>
			<string>PBXFileReference</string>
			<key>lastKnownFileType</key>
			<string>folder.assetcatalog</string>
			<key>path</key>
			<string>Lock.xcassets</string>
			<key>sourceTree</key>
			<string>&lt;group&gt;</string>
		</dict>
		<key>5F99AA7A1D1B031500D27842</key>
		<dict>
			<key>fileRef</key>
			<string>5F99AA791D1B031500D27842</string>
			<key>isa</key>
			<string>PBXBuildFile</string>
		</dict>
		<key>5F99AA7D1D1B08D900D27842</key>
		<dict>
			<key>fileRef</key>
			<string>5F99AA7F1D1B08D900D27842</string>
			<key>isa</key>
			<string>PBXBuildFile</string>
		</dict>
		<key>5F99AA7E1D1B08D900D27842</key>
		<dict>
			<key>isa</key>
			<string>PBXFileReference</string>
			<key>lastKnownFileType</key>
			<string>text.plist.strings</string>
			<key>name</key>
			<string>Base</string>
			<key>path</key>
			<string>Base.lproj/Lock.strings</string>
			<key>sourceTree</key>
			<string>&lt;group&gt;</string>
		</dict>
		<key>5F99AA7F1D1B08D900D27842</key>
		<dict>
			<key>children</key>
			<array>
				<string>5F99AA7E1D1B08D900D27842</string>
			</array>
			<key>isa</key>
			<string>PBXVariantGroup</string>
			<key>name</key>
			<string>Lock.strings</string>
			<key>path</key>
			<string>.</string>
			<key>sourceTree</key>
			<string>&lt;group&gt;</string>
		</dict>
		<key>5F99AA801D1B0A2B00D27842</key>
		<dict>
			<key>children</key>
			<array>
				<string>5F99AA871D1B0E2500D27842</string>
				<string>5F99AA851D1B0BF100D27842</string>
				<string>5F99AA811D1B0A3900D27842</string>
			</array>
			<key>isa</key>
			<string>PBXGroup</string>
			<key>path</key>
			<string>Utils</string>
			<key>sourceTree</key>
			<string>&lt;group&gt;</string>
		</dict>
		<key>5F99AA811D1B0A3900D27842</key>
		<dict>
			<key>fileEncoding</key>
			<string>4</string>
			<key>isa</key>
			<string>PBXFileReference</string>
			<key>lastKnownFileType</key>
			<string>sourcecode.swift</string>
			<key>path</key>
			<string>i18n.swift</string>
			<key>sourceTree</key>
			<string>&lt;group&gt;</string>
		</dict>
		<key>5F99AA821D1B0A3900D27842</key>
		<dict>
			<key>fileRef</key>
			<string>5F99AA811D1B0A3900D27842</string>
			<key>isa</key>
			<string>PBXBuildFile</string>
		</dict>
		<key>5F99AA831D1B0BCE00D27842</key>
		<dict>
			<key>fileEncoding</key>
			<string>4</string>
			<key>isa</key>
			<string>PBXFileReference</string>
			<key>lastKnownFileType</key>
			<string>sourcecode.swift</string>
			<key>path</key>
			<string>Lock.swift</string>
			<key>sourceTree</key>
			<string>&lt;group&gt;</string>
		</dict>
		<key>5F99AA841D1B0BCE00D27842</key>
		<dict>
			<key>fileRef</key>
			<string>5F99AA831D1B0BCE00D27842</string>
			<key>isa</key>
			<string>PBXBuildFile</string>
		</dict>
		<key>5F99AA851D1B0BF100D27842</key>
		<dict>
			<key>fileEncoding</key>
			<string>4</string>
			<key>isa</key>
			<string>PBXFileReference</string>
			<key>lastKnownFileType</key>
			<string>sourcecode.swift</string>
			<key>path</key>
			<string>Resources.swift</string>
			<key>sourceTree</key>
			<string>&lt;group&gt;</string>
		</dict>
		<key>5F99AA861D1B0BF100D27842</key>
		<dict>
			<key>fileRef</key>
			<string>5F99AA851D1B0BF100D27842</string>
			<key>isa</key>
			<string>PBXBuildFile</string>
		</dict>
		<key>5F99AA871D1B0E2500D27842</key>
		<dict>
			<key>fileEncoding</key>
			<string>4</string>
			<key>isa</key>
			<string>PBXFileReference</string>
			<key>lastKnownFileType</key>
			<string>sourcecode.swift</string>
			<key>path</key>
			<string>Layout.swift</string>
			<key>sourceTree</key>
			<string>&lt;group&gt;</string>
		</dict>
		<key>5F99AA881D1B0E2500D27842</key>
		<dict>
			<key>fileRef</key>
			<string>5F99AA871D1B0E2500D27842</string>
			<key>isa</key>
			<string>PBXBuildFile</string>
		</dict>
		<key>5F99AA891D1B360C00D27842</key>
		<dict>
			<key>fileEncoding</key>
			<string>4</string>
			<key>isa</key>
			<string>PBXFileReference</string>
			<key>lastKnownFileType</key>
			<string>sourcecode.swift</string>
			<key>path</key>
			<string>PrimaryButton.swift</string>
			<key>sourceTree</key>
			<string>&lt;group&gt;</string>
		</dict>
		<key>5F99AA8A1D1B360C00D27842</key>
		<dict>
			<key>fileRef</key>
			<string>5F99AA891D1B360C00D27842</string>
			<key>isa</key>
			<string>PBXBuildFile</string>
		</dict>
		<key>5F99AA8B1D1B3F1300D27842</key>
		<dict>
			<key>fileEncoding</key>
			<string>4</string>
			<key>isa</key>
			<string>PBXFileReference</string>
			<key>lastKnownFileType</key>
			<string>sourcecode.swift</string>
			<key>path</key>
			<string>InputField.swift</string>
			<key>sourceTree</key>
			<string>&lt;group&gt;</string>
		</dict>
		<key>5F99AA8C1D1B3F1300D27842</key>
		<dict>
			<key>fileRef</key>
			<string>5F99AA8B1D1B3F1300D27842</string>
			<key>isa</key>
			<string>PBXBuildFile</string>
		</dict>
		<key>5F99AA8D1D1B4BEF00D27842</key>
		<dict>
			<key>buildActionMask</key>
			<string>2147483647</string>
			<key>dstPath</key>
			<string></string>
			<key>dstSubfolderSpec</key>
			<string>10</string>
			<key>files</key>
			<array>
				<string>5F99AA8E1D1B4BFA00D27842</string>
			</array>
			<key>isa</key>
			<string>PBXCopyFilesBuildPhase</string>
			<key>runOnlyForDeploymentPostprocessing</key>
			<string>0</string>
		</dict>
		<key>5F99AA8E1D1B4BFA00D27842</key>
		<dict>
			<key>fileRef</key>
			<string>5FEAE1C61D1A5154005C0028</string>
			<key>isa</key>
			<string>PBXBuildFile</string>
			<key>settings</key>
			<dict>
				<key>ATTRIBUTES</key>
				<array>
					<string>RemoveHeadersOnCopy</string>
				</array>
			</dict>
		</dict>
		<key>5F99AA8F1D1B9E7100D27842</key>
		<dict>
			<key>fileEncoding</key>
			<string>4</string>
			<key>isa</key>
			<string>PBXFileReference</string>
			<key>lastKnownFileType</key>
			<string>sourcecode.swift</string>
			<key>path</key>
			<string>DatabaseModeSwitcher.swift</string>
			<key>sourceTree</key>
			<string>&lt;group&gt;</string>
		</dict>
		<key>5F99AA901D1B9E7100D27842</key>
		<dict>
			<key>fileRef</key>
			<string>5F99AA8F1D1B9E7100D27842</string>
			<key>isa</key>
			<string>PBXBuildFile</string>
		</dict>
		<key>5F99AA911D1BA5CA00D27842</key>
		<dict>
			<key>fileEncoding</key>
			<string>4</string>
			<key>isa</key>
			<string>PBXFileReference</string>
			<key>lastKnownFileType</key>
			<string>sourcecode.swift</string>
			<key>path</key>
			<string>DatabaseModes.swift</string>
			<key>sourceTree</key>
			<string>&lt;group&gt;</string>
		</dict>
		<key>5F99AA921D1BA5CA00D27842</key>
		<dict>
			<key>fileRef</key>
			<string>5F99AA911D1BA5CA00D27842</string>
			<key>isa</key>
			<string>PBXBuildFile</string>
		</dict>
		<key>5F99AA931D1BABFC00D27842</key>
		<dict>
			<key>fileEncoding</key>
			<string>4</string>
			<key>isa</key>
			<string>PBXFileReference</string>
			<key>lastKnownFileType</key>
			<string>sourcecode.swift</string>
			<key>path</key>
			<string>SecondaryButton.swift</string>
			<key>sourceTree</key>
			<string>&lt;group&gt;</string>
		</dict>
		<key>5F99AA941D1BABFC00D27842</key>
		<dict>
			<key>fileRef</key>
			<string>5F99AA931D1BABFC00D27842</string>
			<key>isa</key>
			<string>PBXBuildFile</string>
		</dict>
		<key>5F99AA951D1C4AF400D27842</key>
		<dict>
			<key>fileEncoding</key>
			<string>4</string>
			<key>isa</key>
			<string>PBXFileReference</string>
			<key>lastKnownFileType</key>
			<string>sourcecode.swift</string>
			<key>path</key>
			<string>CredentialView.swift</string>
			<key>sourceTree</key>
			<string>&lt;group&gt;</string>
		</dict>
		<key>5F99AA961D1C4AF400D27842</key>
		<dict>
			<key>fileRef</key>
			<string>5F99AA951D1C4AF400D27842</string>
			<key>isa</key>
			<string>PBXBuildFile</string>
		</dict>
		<key>5FC434851D1DF769005188BC</key>
		<dict>
			<key>fileEncoding</key>
			<string>4</string>
			<key>isa</key>
			<string>PBXFileReference</string>
			<key>lastKnownFileType</key>
			<string>sourcecode.swift</string>
			<key>path</key>
			<string>View.swift</string>
			<key>sourceTree</key>
			<string>&lt;group&gt;</string>
		</dict>
		<key>5FC434861D1DF769005188BC</key>
		<dict>
			<key>fileRef</key>
			<string>5FC434851D1DF769005188BC</string>
			<key>isa</key>
			<string>PBXBuildFile</string>
		</dict>
		<key>5FC434871D1DF7FA005188BC</key>
		<dict>
			<key>children</key>
			<array>
				<string>5FC434891D1DF82A005188BC</string>
			</array>
			<key>isa</key>
			<string>PBXGroup</string>
			<key>name</key>
			<string>Presenters</string>
			<key>path</key>
			<string>Presenters</string>
			<key>sourceTree</key>
			<string>&lt;group&gt;</string>
		</dict>
		<key>5FC434891D1DF82A005188BC</key>
		<dict>
			<key>fileEncoding</key>
			<string>4</string>
			<key>isa</key>
			<string>PBXFileReference</string>
			<key>lastKnownFileType</key>
			<string>sourcecode.swift</string>
			<key>path</key>
			<string>DatabasePresenter.swift</string>
			<key>sourceTree</key>
			<string>&lt;group&gt;</string>
		</dict>
		<key>5FC4348A1D1DF82A005188BC</key>
		<dict>
			<key>fileRef</key>
			<string>5FC434891D1DF82A005188BC</string>
			<key>isa</key>
			<string>PBXBuildFile</string>
		</dict>
		<key>5FC4348B1D1DFC5A005188BC</key>
		<dict>
			<key>fileEncoding</key>
			<string>4</string>
			<key>isa</key>
			<string>PBXFileReference</string>
			<key>lastKnownFileType</key>
			<string>sourcecode.swift</string>
			<key>path</key>
			<string>Form.swift</string>
			<key>sourceTree</key>
			<string>&lt;group&gt;</string>
		</dict>
		<key>5FC4348C1D1DFC5A005188BC</key>
		<dict>
			<key>fileRef</key>
			<string>5FC4348B1D1DFC5A005188BC</string>
			<key>isa</key>
			<string>PBXBuildFile</string>
		</dict>
		<key>5FC4348D1D1E02EF005188BC</key>
		<dict>
			<key>buildActionMask</key>
			<string>2147483647</string>
			<key>files</key>
			<array/>
			<key>inputPaths</key>
			<array/>
			<key>isa</key>
			<string>PBXShellScriptBuildPhase</string>
			<key>name</key>
			<string>Auth0</string>
			<key>outputPaths</key>
			<array/>
			<key>runOnlyForDeploymentPostprocessing</key>
			<string>0</string>
			<key>shellPath</key>
			<string>/bin/sh</string>
			<key>shellScript</key>
			<string>AUTH0_PLIST="${SRCROOT}/Auth0.plist"
if [ -f $AUTH0_PLIST ];
then
cp "$AUTH0_PLIST" "${BUILT_PRODUCTS_DIR}/${PRODUCT_NAME}.app"
fi</string>
		</dict>
		<key>5FC4348E1D1E0A57005188BC</key>
		<dict>
			<key>fileEncoding</key>
			<string>4</string>
			<key>isa</key>
			<string>PBXFileReference</string>
			<key>lastKnownFileType</key>
			<string>sourcecode.swift</string>
			<key>path</key>
			<string>CredentialAuthenticatable.swift</string>
			<key>sourceTree</key>
			<string>&lt;group&gt;</string>
		</dict>
		<key>5FC4348F1D1E0A57005188BC</key>
		<dict>
			<key>fileRef</key>
			<string>5FC4348E1D1E0A57005188BC</string>
			<key>isa</key>
			<string>PBXBuildFile</string>
		</dict>
		<key>5FEADCEF1D1A76610032D810</key>
		<dict>
			<key>fileRef</key>
			<string>5F814FD21D1A7294003670A4</string>
			<key>isa</key>
			<string>PBXBuildFile</string>
		</dict>
		<key>5FEADCF01D1A7EBC0032D810</key>
		<dict>
			<key>buildActionMask</key>
			<string>2147483647</string>
			<key>files</key>
			<array>
				<string>5FEADCF91D1A7EBC0032D810</string>
				<string>5FEADCF71D1A7EBC0032D810</string>
			</array>
			<key>isa</key>
			<string>PBXSourcesBuildPhase</string>
			<key>runOnlyForDeploymentPostprocessing</key>
			<string>0</string>
		</dict>
		<key>5FEADCF11D1A7EBC0032D810</key>
		<dict>
			<key>buildActionMask</key>
			<string>2147483647</string>
			<key>files</key>
			<array>
				<string>5F99AA761D1A7FA100D27842</string>
				<string>5FEADD071D1A7EFC0032D810</string>
			</array>
			<key>isa</key>
			<string>PBXFrameworksBuildPhase</string>
			<key>runOnlyForDeploymentPostprocessing</key>
			<string>0</string>
		</dict>
		<key>5FEADCF21D1A7EBC0032D810</key>
		<dict>
			<key>buildActionMask</key>
			<string>2147483647</string>
			<key>files</key>
			<array>
				<string>5FEADD011D1A7EBC0032D810</string>
				<string>5FEADCFE1D1A7EBC0032D810</string>
				<string>5FEADCFC1D1A7EBC0032D810</string>
			</array>
			<key>isa</key>
			<string>PBXResourcesBuildPhase</string>
			<key>runOnlyForDeploymentPostprocessing</key>
			<string>0</string>
		</dict>
		<key>5FEADCF31D1A7EBC0032D810</key>
		<dict>
			<key>buildConfigurationList</key>
			<string>5FEADD031D1A7EBC0032D810</string>
			<key>buildPhases</key>
			<array>
				<string>5FEADCF01D1A7EBC0032D810</string>
				<string>5FEADCF11D1A7EBC0032D810</string>
				<string>5FEADCF21D1A7EBC0032D810</string>
				<string>5FEADD061D1A7ECA0032D810</string>
				<string>5F99AA8D1D1B4BEF00D27842</string>
				<string>5FC4348D1D1E02EF005188BC</string>
			</array>
			<key>buildRules</key>
			<array/>
			<key>dependencies</key>
			<array>
				<string>5FEADD091D1A7F010032D810</string>
			</array>
			<key>isa</key>
			<string>PBXNativeTarget</string>
			<key>name</key>
			<string>LockApp</string>
			<key>productName</key>
			<string>LockApp</string>
			<key>productReference</key>
			<string>5FEADCF41D1A7EBC0032D810</string>
			<key>productType</key>
			<string>com.apple.product-type.application</string>
		</dict>
		<key>5FEADCF41D1A7EBC0032D810</key>
		<dict>
			<key>explicitFileType</key>
			<string>wrapper.application</string>
			<key>includeInIndex</key>
			<string>0</string>
			<key>isa</key>
			<string>PBXFileReference</string>
			<key>path</key>
			<string>LockApp.app</string>
			<key>sourceTree</key>
			<string>BUILT_PRODUCTS_DIR</string>
		</dict>
		<key>5FEADCF51D1A7EBC0032D810</key>
		<dict>
			<key>children</key>
			<array>
				<string>5FEADCF61D1A7EBC0032D810</string>
				<string>5FEADCFD1D1A7EBC0032D810</string>
				<string>5FEADD021D1A7EBC0032D810</string>
				<string>5FEADCFF1D1A7EBC0032D810</string>
				<string>5FEADCFA1D1A7EBC0032D810</string>
				<string>5FEADCF81D1A7EBC0032D810</string>
			</array>
			<key>isa</key>
			<string>PBXGroup</string>
			<key>path</key>
			<string>LockApp</string>
			<key>sourceTree</key>
			<string>&lt;group&gt;</string>
		</dict>
		<key>5FEADCF61D1A7EBC0032D810</key>
		<dict>
			<key>isa</key>
			<string>PBXFileReference</string>
			<key>lastKnownFileType</key>
			<string>sourcecode.swift</string>
			<key>path</key>
			<string>AppDelegate.swift</string>
			<key>sourceTree</key>
			<string>&lt;group&gt;</string>
		</dict>
		<key>5FEADCF71D1A7EBC0032D810</key>
		<dict>
			<key>fileRef</key>
			<string>5FEADCF61D1A7EBC0032D810</string>
			<key>isa</key>
			<string>PBXBuildFile</string>
		</dict>
		<key>5FEADCF81D1A7EBC0032D810</key>
		<dict>
			<key>isa</key>
			<string>PBXFileReference</string>
			<key>lastKnownFileType</key>
			<string>sourcecode.swift</string>
			<key>path</key>
			<string>ViewController.swift</string>
			<key>sourceTree</key>
			<string>&lt;group&gt;</string>
		</dict>
		<key>5FEADCF91D1A7EBC0032D810</key>
		<dict>
			<key>fileRef</key>
			<string>5FEADCF81D1A7EBC0032D810</string>
			<key>isa</key>
			<string>PBXBuildFile</string>
		</dict>
		<key>5FEADCFA1D1A7EBC0032D810</key>
		<dict>
			<key>children</key>
			<array>
				<string>5FEADCFB1D1A7EBC0032D810</string>
			</array>
			<key>isa</key>
			<string>PBXVariantGroup</string>
			<key>name</key>
			<string>Main.storyboard</string>
			<key>path</key>
			<string>.</string>
			<key>sourceTree</key>
			<string>&lt;group&gt;</string>
		</dict>
		<key>5FEADCFB1D1A7EBC0032D810</key>
		<dict>
			<key>isa</key>
			<string>PBXFileReference</string>
			<key>lastKnownFileType</key>
			<string>file.storyboard</string>
			<key>name</key>
			<string>Base</string>
			<key>path</key>
			<string>Base.lproj/Main.storyboard</string>
			<key>sourceTree</key>
			<string>&lt;group&gt;</string>
		</dict>
		<key>5FEADCFC1D1A7EBC0032D810</key>
		<dict>
			<key>fileRef</key>
			<string>5FEADCFA1D1A7EBC0032D810</string>
			<key>isa</key>
			<string>PBXBuildFile</string>
		</dict>
		<key>5FEADCFD1D1A7EBC0032D810</key>
		<dict>
			<key>isa</key>
			<string>PBXFileReference</string>
			<key>lastKnownFileType</key>
			<string>folder.assetcatalog</string>
			<key>path</key>
			<string>Assets.xcassets</string>
			<key>sourceTree</key>
			<string>&lt;group&gt;</string>
		</dict>
		<key>5FEADCFE1D1A7EBC0032D810</key>
		<dict>
			<key>fileRef</key>
			<string>5FEADCFD1D1A7EBC0032D810</string>
			<key>isa</key>
			<string>PBXBuildFile</string>
		</dict>
		<key>5FEADCFF1D1A7EBC0032D810</key>
		<dict>
			<key>children</key>
			<array>
				<string>5FEADD001D1A7EBC0032D810</string>
			</array>
			<key>isa</key>
			<string>PBXVariantGroup</string>
			<key>name</key>
			<string>LaunchScreen.storyboard</string>
			<key>path</key>
			<string>.</string>
			<key>sourceTree</key>
			<string>&lt;group&gt;</string>
		</dict>
		<key>5FEADD001D1A7EBC0032D810</key>
		<dict>
			<key>isa</key>
			<string>PBXFileReference</string>
			<key>lastKnownFileType</key>
			<string>file.storyboard</string>
			<key>name</key>
			<string>Base</string>
			<key>path</key>
			<string>Base.lproj/LaunchScreen.storyboard</string>
			<key>sourceTree</key>
			<string>&lt;group&gt;</string>
		</dict>
		<key>5FEADD011D1A7EBC0032D810</key>
		<dict>
			<key>fileRef</key>
			<string>5FEADCFF1D1A7EBC0032D810</string>
			<key>isa</key>
			<string>PBXBuildFile</string>
		</dict>
		<key>5FEADD021D1A7EBC0032D810</key>
		<dict>
			<key>isa</key>
			<string>PBXFileReference</string>
			<key>lastKnownFileType</key>
			<string>text.plist.xml</string>
			<key>path</key>
			<string>Info.plist</string>
			<key>sourceTree</key>
			<string>&lt;group&gt;</string>
		</dict>
		<key>5FEADD031D1A7EBC0032D810</key>
		<dict>
			<key>buildConfigurations</key>
			<array>
				<string>5FEADD041D1A7EBC0032D810</string>
				<string>5FEADD051D1A7EBC0032D810</string>
			</array>
			<key>defaultConfigurationIsVisible</key>
			<string>0</string>
			<key>defaultConfigurationName</key>
			<string>Release</string>
			<key>isa</key>
			<string>XCConfigurationList</string>
		</dict>
		<key>5FEADD041D1A7EBC0032D810</key>
		<dict>
			<key>buildSettings</key>
			<dict>
				<key>ASSETCATALOG_COMPILER_APPICON_NAME</key>
				<string>AppIcon</string>
				<key>FRAMEWORK_SEARCH_PATHS</key>
				<array>
					<string>$(inherited)</string>
					<string>$(PROJECT_DIR)/Carthage/Build/iOS</string>
				</array>
				<key>INFOPLIST_FILE</key>
				<string>LockApp/Info.plist</string>
				<key>IPHONEOS_DEPLOYMENT_TARGET</key>
				<string>9.0</string>
				<key>LD_RUNPATH_SEARCH_PATHS</key>
				<string>$(inherited) @executable_path/Frameworks</string>
				<key>PRODUCT_BUNDLE_IDENTIFIER</key>
				<string>com.auth0.Lock</string>
				<key>PRODUCT_NAME</key>
				<string>$(TARGET_NAME)</string>
				<key>REEXPORTED_LIBRARY_PATHS</key>
				<string></string>
			</dict>
			<key>isa</key>
			<string>XCBuildConfiguration</string>
			<key>name</key>
			<string>Debug</string>
		</dict>
		<key>5FEADD051D1A7EBC0032D810</key>
		<dict>
			<key>buildSettings</key>
			<dict>
				<key>ASSETCATALOG_COMPILER_APPICON_NAME</key>
				<string>AppIcon</string>
				<key>FRAMEWORK_SEARCH_PATHS</key>
				<array>
					<string>$(inherited)</string>
					<string>$(PROJECT_DIR)/Carthage/Build/iOS</string>
				</array>
				<key>INFOPLIST_FILE</key>
				<string>LockApp/Info.plist</string>
				<key>IPHONEOS_DEPLOYMENT_TARGET</key>
				<string>9.0</string>
				<key>LD_RUNPATH_SEARCH_PATHS</key>
				<string>$(inherited) @executable_path/Frameworks</string>
				<key>PRODUCT_BUNDLE_IDENTIFIER</key>
				<string>com.auth0.Lock</string>
				<key>PRODUCT_NAME</key>
				<string>$(TARGET_NAME)</string>
				<key>REEXPORTED_LIBRARY_PATHS</key>
				<string></string>
			</dict>
			<key>isa</key>
			<string>XCBuildConfiguration</string>
			<key>name</key>
			<string>Release</string>
		</dict>
		<key>5FEADD061D1A7ECA0032D810</key>
		<dict>
			<key>buildActionMask</key>
			<string>2147483647</string>
			<key>files</key>
			<array/>
			<key>inputPaths</key>
			<array>
				<string>$(SRCROOT)/Carthage/Build/iOS/Auth0.framework</string>
			</array>
			<key>isa</key>
			<string>PBXShellScriptBuildPhase</string>
			<key>name</key>
			<string>Carthage</string>
			<key>outputPaths</key>
			<array/>
			<key>runOnlyForDeploymentPostprocessing</key>
			<string>0</string>
			<key>shellPath</key>
			<string>/bin/sh</string>
			<key>shellScript</key>
			<string>/usr/local/bin/carthage copy-frameworks</string>
		</dict>
		<key>5FEADD071D1A7EFC0032D810</key>
		<dict>
			<key>fileRef</key>
			<string>5FEAE1C61D1A5154005C0028</string>
			<key>isa</key>
			<string>PBXBuildFile</string>
		</dict>
		<key>5FEADD081D1A7F010032D810</key>
		<dict>
			<key>containerPortal</key>
			<string>5FEAE1BD1D1A5154005C0028</string>
			<key>isa</key>
			<string>PBXContainerItemProxy</string>
			<key>proxyType</key>
			<string>1</string>
			<key>remoteGlobalIDString</key>
			<string>5FEAE1C51D1A5154005C0028</string>
			<key>remoteInfo</key>
			<string>Lock.iOS</string>
		</dict>
		<key>5FEADD091D1A7F010032D810</key>
		<dict>
			<key>isa</key>
			<string>PBXTargetDependency</string>
			<key>target</key>
			<string>5FEAE1C51D1A5154005C0028</string>
			<key>targetProxy</key>
			<string>5FEADD081D1A7F010032D810</string>
		</dict>
		<key>5FEAE1BC1D1A5154005C0028</key>
		<dict>
			<key>children</key>
			<array>
				<string>5FEAE2111D1A5716005C0028</string>
				<string>5FEAE1C81D1A5154005C0028</string>
				<string>5FEADCF51D1A7EBC0032D810</string>
				<string>5FEAE1D41D1A5154005C0028</string>
				<string>5FEAE1C71D1A5154005C0028</string>
			</array>
			<key>isa</key>
			<string>PBXGroup</string>
			<key>sourceTree</key>
			<string>&lt;group&gt;</string>
		</dict>
		<key>5FEAE1BD1D1A5154005C0028</key>
		<dict>
			<key>attributes</key>
			<dict>
				<key>LastSwiftUpdateCheck</key>
				<string>0730</string>
				<key>LastUpgradeCheck</key>
				<string>0730</string>
				<key>ORGANIZATIONNAME</key>
				<string>Auth0</string>
				<key>TargetAttributes</key>
				<dict>
					<key>5FEADCF31D1A7EBC0032D810</key>
					<dict>
						<key>CreatedOnToolsVersion</key>
						<string>7.3.1</string>
					</dict>
					<key>5FEAE1C51D1A5154005C0028</key>
					<dict>
						<key>CreatedOnToolsVersion</key>
						<string>7.3.1</string>
					</dict>
					<key>5FEAE1CF1D1A5154005C0028</key>
					<dict>
						<key>CreatedOnToolsVersion</key>
						<string>7.3.1</string>
						<key>TestTargetID</key>
						<string>5FEADCF31D1A7EBC0032D810</string>
					</dict>
				</dict>
			</dict>
			<key>buildConfigurationList</key>
			<string>5FEAE1C01D1A5154005C0028</string>
			<key>compatibilityVersion</key>
			<string>Xcode 3.2</string>
			<key>developmentRegion</key>
			<string>English</string>
			<key>hasScannedForEncodings</key>
			<string>0</string>
			<key>isa</key>
			<string>PBXProject</string>
			<key>knownRegions</key>
			<array>
				<string>en</string>
				<string>Base</string>
			</array>
			<key>mainGroup</key>
			<string>5FEAE1BC1D1A5154005C0028</string>
			<key>productRefGroup</key>
			<string>5FEAE1C71D1A5154005C0028</string>
			<key>projectDirPath</key>
			<string></string>
			<key>projectReferences</key>
			<array/>
			<key>projectRoot</key>
			<string></string>
			<key>targets</key>
			<array>
				<string>5FEAE1C51D1A5154005C0028</string>
				<string>5FEAE1CF1D1A5154005C0028</string>
				<string>5FEADCF31D1A7EBC0032D810</string>
			</array>
		</dict>
		<key>5FEAE1C01D1A5154005C0028</key>
		<dict>
			<key>buildConfigurations</key>
			<array>
				<string>5FEAE1D81D1A5154005C0028</string>
				<string>5FEAE1D91D1A5154005C0028</string>
			</array>
			<key>defaultConfigurationIsVisible</key>
			<string>0</string>
			<key>defaultConfigurationName</key>
			<string>Release</string>
			<key>isa</key>
			<string>XCConfigurationList</string>
		</dict>
		<key>5FEAE1C11D1A5154005C0028</key>
		<dict>
			<key>buildActionMask</key>
			<string>2147483647</string>
			<key>files</key>
			<array>
				<string>5F99AA941D1BABFC00D27842</string>
				<string>5F99AA901D1B9E7100D27842</string>
				<string>5F99AA861D1B0BF100D27842</string>
				<string>5FC4348F1D1E0A57005188BC</string>
				<string>5F99AA8A1D1B360C00D27842</string>
				<string>5FC4348C1D1DFC5A005188BC</string>
				<string>5FC434861D1DF769005188BC</string>
				<string>5F51EE681D1C88FC0024BCD6</string>
				<string>5F51EE6E1D1CE6210024BCD6</string>
				<string>5F508FF71D1D868900EAA650</string>
				<string>5F99AA921D1BA5CA00D27842</string>
				<string>5FEAE2101D1A5691005C0028</string>
				<string>5F99AA8C1D1B3F1300D27842</string>
				<string>5F51EE6A1D1CBC830024BCD6</string>
				<string>5F99AA881D1B0E2500D27842</string>
				<string>5F99AA841D1B0BCE00D27842</string>
				<string>5F50900E1D1DF40400EAA650</string>
				<string>5FC4348A1D1DF82A005188BC</string>
				<string>5F99AA821D1B0A3900D27842</string>
				<string>5F99AA961D1C4AF400D27842</string>
			</array>
			<key>isa</key>
			<string>PBXSourcesBuildPhase</string>
			<key>runOnlyForDeploymentPostprocessing</key>
			<string>0</string>
		</dict>
		<key>5FEAE1C21D1A5154005C0028</key>
		<dict>
			<key>buildActionMask</key>
			<string>2147483647</string>
			<key>files</key>
			<array>
				<string>5FEADCEF1D1A76610032D810</string>
			</array>
			<key>isa</key>
			<string>PBXFrameworksBuildPhase</string>
			<key>runOnlyForDeploymentPostprocessing</key>
			<string>0</string>
		</dict>
		<key>5FEAE1C31D1A5154005C0028</key>
		<dict>
			<key>buildActionMask</key>
			<string>2147483647</string>
			<key>files</key>
			<array>
				<string>5FEAE1CA1D1A5154005C0028</string>
			</array>
			<key>isa</key>
			<string>PBXHeadersBuildPhase</string>
			<key>runOnlyForDeploymentPostprocessing</key>
			<string>0</string>
		</dict>
		<key>5FEAE1C41D1A5154005C0028</key>
		<dict>
			<key>buildActionMask</key>
			<string>2147483647</string>
			<key>files</key>
			<array>
				<string>5F99AA7A1D1B031500D27842</string>
				<string>5F99AA7D1D1B08D900D27842</string>
			</array>
			<key>isa</key>
			<string>PBXResourcesBuildPhase</string>
			<key>runOnlyForDeploymentPostprocessing</key>
			<string>0</string>
		</dict>
		<key>5FEAE1C51D1A5154005C0028</key>
		<dict>
			<key>buildConfigurationList</key>
			<string>5FEAE1DA1D1A5154005C0028</string>
			<key>buildPhases</key>
			<array>
				<string>5FEAE1C11D1A5154005C0028</string>
				<string>5FEAE1C21D1A5154005C0028</string>
				<string>5FEAE1C31D1A5154005C0028</string>
				<string>5FEAE1C41D1A5154005C0028</string>
			</array>
			<key>buildRules</key>
			<array/>
			<key>dependencies</key>
			<array/>
			<key>isa</key>
			<string>PBXNativeTarget</string>
			<key>name</key>
			<string>Lock.iOS</string>
			<key>productName</key>
			<string>Lock</string>
			<key>productReference</key>
			<string>5FEAE1C61D1A5154005C0028</string>
			<key>productType</key>
			<string>com.apple.product-type.framework</string>
		</dict>
		<key>5FEAE1C61D1A5154005C0028</key>
		<dict>
			<key>explicitFileType</key>
			<string>wrapper.framework</string>
			<key>includeInIndex</key>
			<string>0</string>
			<key>isa</key>
			<string>PBXFileReference</string>
			<key>path</key>
			<string>Lock.framework</string>
			<key>sourceTree</key>
			<string>BUILT_PRODUCTS_DIR</string>
		</dict>
		<key>5FEAE1C71D1A5154005C0028</key>
		<dict>
			<key>children</key>
			<array>
				<string>5FEAE1C61D1A5154005C0028</string>
				<string>5FEAE1D01D1A5154005C0028</string>
				<string>5FEADCF41D1A7EBC0032D810</string>
			</array>
			<key>isa</key>
			<string>PBXGroup</string>
			<key>name</key>
			<string>Products</string>
			<key>sourceTree</key>
			<string>&lt;group&gt;</string>
		</dict>
		<key>5FEAE1C81D1A5154005C0028</key>
		<dict>
			<key>children</key>
			<array>
				<string>5FEAE20E1D1A5682005C0028</string>
				<string>5F51EE6B1D1CE6110024BCD6</string>
				<string>5F508FF21D1D863400EAA650</string>
				<string>5FC434871D1DF7FA005188BC</string>
				<string>5F99AA801D1B0A2B00D27842</string>
				<string>5F50900C1D1DF3ED00EAA650</string>
				<string>5FEAE1CB1D1A5154005C0028</string>
				<string>5FEAE1C91D1A5154005C0028</string>
				<string>5F99AA7F1D1B08D900D27842</string>
				<string>5F99AA831D1B0BCE00D27842</string>
				<string>5F99AA791D1B031500D27842</string>
			</array>
			<key>isa</key>
			<string>PBXGroup</string>
			<key>path</key>
			<string>Lock</string>
			<key>sourceTree</key>
			<string>&lt;group&gt;</string>
		</dict>
		<key>5FEAE1C91D1A5154005C0028</key>
		<dict>
			<key>isa</key>
			<string>PBXFileReference</string>
			<key>lastKnownFileType</key>
			<string>sourcecode.c.h</string>
			<key>path</key>
			<string>Lock.h</string>
			<key>sourceTree</key>
			<string>&lt;group&gt;</string>
		</dict>
		<key>5FEAE1CA1D1A5154005C0028</key>
		<dict>
			<key>fileRef</key>
			<string>5FEAE1C91D1A5154005C0028</string>
			<key>isa</key>
			<string>PBXBuildFile</string>
			<key>settings</key>
			<dict>
				<key>ATTRIBUTES</key>
				<array>
					<string>Public</string>
				</array>
			</dict>
		</dict>
		<key>5FEAE1CB1D1A5154005C0028</key>
		<dict>
			<key>isa</key>
			<string>PBXFileReference</string>
			<key>lastKnownFileType</key>
			<string>text.plist.xml</string>
			<key>path</key>
			<string>Info.plist</string>
			<key>sourceTree</key>
			<string>&lt;group&gt;</string>
		</dict>
		<key>5FEAE1CC1D1A5154005C0028</key>
		<dict>
			<key>buildActionMask</key>
			<string>2147483647</string>
			<key>files</key>
			<array>
				<string>5F5090081D1DE7BA00EAA650</string>
				<string>5F508FFB1D1DB1E700EAA650</string>
				<string>5F50900A1D1DEE9A00EAA650</string>
			</array>
			<key>isa</key>
			<string>PBXSourcesBuildPhase</string>
			<key>runOnlyForDeploymentPostprocessing</key>
			<string>0</string>
		</dict>
		<key>5FEAE1CD1D1A5154005C0028</key>
		<dict>
			<key>buildActionMask</key>
			<string>2147483647</string>
			<key>files</key>
			<array>
				<string>5F814FD61D1A72A6003670A4</string>
				<string>5F814FD71D1A72A6003670A4</string>
				<string>5F814FD51D1A72A6003670A4</string>
				<string>5FEAE1D11D1A5154005C0028</string>
			</array>
			<key>isa</key>
			<string>PBXFrameworksBuildPhase</string>
			<key>runOnlyForDeploymentPostprocessing</key>
			<string>0</string>
		</dict>
		<key>5FEAE1CE1D1A5154005C0028</key>
		<dict>
			<key>buildActionMask</key>
			<string>2147483647</string>
			<key>files</key>
			<array/>
			<key>isa</key>
			<string>PBXResourcesBuildPhase</string>
			<key>runOnlyForDeploymentPostprocessing</key>
			<string>0</string>
		</dict>
		<key>5FEAE1CF1D1A5154005C0028</key>
		<dict>
			<key>buildConfigurationList</key>
			<string>5FEAE1DD1D1A5154005C0028</string>
			<key>buildPhases</key>
			<array>
				<string>5FEAE1CC1D1A5154005C0028</string>
				<string>5FEAE1CD1D1A5154005C0028</string>
				<string>5FEAE1CE1D1A5154005C0028</string>
				<string>5F5090021D1DE78100EAA650</string>
			</array>
			<key>buildRules</key>
			<array/>
			<key>dependencies</key>
			<array>
				<string>5FEAE1D31D1A5154005C0028</string>
				<string>5F99AA781D1A7FB600D27842</string>
			</array>
			<key>isa</key>
			<string>PBXNativeTarget</string>
			<key>name</key>
			<string>LockTests.iOS</string>
			<key>productName</key>
			<string>LockTests</string>
			<key>productReference</key>
			<string>5FEAE1D01D1A5154005C0028</string>
			<key>productType</key>
			<string>com.apple.product-type.bundle.unit-test</string>
		</dict>
		<key>5FEAE1D01D1A5154005C0028</key>
		<dict>
			<key>explicitFileType</key>
			<string>wrapper.cfbundle</string>
			<key>includeInIndex</key>
			<string>0</string>
			<key>isa</key>
			<string>PBXFileReference</string>
			<key>path</key>
			<string>LockTests.iOS.xctest</string>
			<key>sourceTree</key>
			<string>BUILT_PRODUCTS_DIR</string>
		</dict>
		<key>5FEAE1D11D1A5154005C0028</key>
		<dict>
			<key>fileRef</key>
			<string>5FEAE1C61D1A5154005C0028</string>
			<key>isa</key>
			<string>PBXBuildFile</string>
		</dict>
		<key>5FEAE1D21D1A5154005C0028</key>
		<dict>
			<key>containerPortal</key>
			<string>5FEAE1BD1D1A5154005C0028</string>
			<key>isa</key>
			<string>PBXContainerItemProxy</string>
			<key>proxyType</key>
			<string>1</string>
			<key>remoteGlobalIDString</key>
			<string>5FEAE1C51D1A5154005C0028</string>
			<key>remoteInfo</key>
			<string>Lock</string>
		</dict>
		<key>5FEAE1D31D1A5154005C0028</key>
		<dict>
			<key>isa</key>
			<string>PBXTargetDependency</string>
			<key>target</key>
			<string>5FEAE1C51D1A5154005C0028</string>
			<key>targetProxy</key>
			<string>5FEAE1D21D1A5154005C0028</string>
		</dict>
		<key>5FEAE1D41D1A5154005C0028</key>
		<dict>
			<key>children</key>
			<array>
				<string>5F508FF81D1DB01D00EAA650</string>
				<string>5F5090061D1DE7A000EAA650</string>
				<string>5FEAE1D71D1A5154005C0028</string>
			</array>
			<key>isa</key>
			<string>PBXGroup</string>
			<key>path</key>
			<string>LockTests</string>
			<key>sourceTree</key>
			<string>&lt;group&gt;</string>
		</dict>
		<key>5FEAE1D71D1A5154005C0028</key>
		<dict>
			<key>isa</key>
			<string>PBXFileReference</string>
			<key>lastKnownFileType</key>
			<string>text.plist.xml</string>
			<key>path</key>
			<string>Info.plist</string>
			<key>sourceTree</key>
			<string>&lt;group&gt;</string>
		</dict>
		<key>5FEAE1D81D1A5154005C0028</key>
		<dict>
			<key>buildSettings</key>
			<dict>
				<key>ALWAYS_SEARCH_USER_PATHS</key>
				<string>NO</string>
				<key>CLANG_ANALYZER_NONNULL</key>
				<string>YES</string>
				<key>CLANG_CXX_LANGUAGE_STANDARD</key>
				<string>gnu++0x</string>
				<key>CLANG_CXX_LIBRARY</key>
				<string>libc++</string>
				<key>CLANG_ENABLE_MODULES</key>
				<string>YES</string>
				<key>CLANG_ENABLE_OBJC_ARC</key>
				<string>YES</string>
				<key>CLANG_WARN_BOOL_CONVERSION</key>
				<string>YES</string>
				<key>CLANG_WARN_CONSTANT_CONVERSION</key>
				<string>YES</string>
				<key>CLANG_WARN_DIRECT_OBJC_ISA_USAGE</key>
				<string>YES_ERROR</string>
				<key>CLANG_WARN_EMPTY_BODY</key>
				<string>YES</string>
				<key>CLANG_WARN_ENUM_CONVERSION</key>
				<string>YES</string>
				<key>CLANG_WARN_INT_CONVERSION</key>
				<string>YES</string>
				<key>CLANG_WARN_OBJC_ROOT_CLASS</key>
				<string>YES_ERROR</string>
				<key>CLANG_WARN_UNREACHABLE_CODE</key>
				<string>YES</string>
				<key>CLANG_WARN__DUPLICATE_METHOD_MATCH</key>
				<string>YES</string>
				<key>CODE_SIGN_IDENTITY[sdk=iphoneos*]</key>
				<string>iPhone Developer</string>
				<key>COPY_PHASE_STRIP</key>
				<string>NO</string>
				<key>CURRENT_PROJECT_VERSION</key>
				<string>1</string>
				<key>DEBUG_INFORMATION_FORMAT</key>
				<string>dwarf</string>
				<key>ENABLE_STRICT_OBJC_MSGSEND</key>
				<string>YES</string>
				<key>ENABLE_TESTABILITY</key>
				<string>YES</string>
				<key>GCC_C_LANGUAGE_STANDARD</key>
				<string>gnu99</string>
				<key>GCC_DYNAMIC_NO_PIC</key>
				<string>NO</string>
				<key>GCC_NO_COMMON_BLOCKS</key>
				<string>YES</string>
				<key>GCC_OPTIMIZATION_LEVEL</key>
				<string>0</string>
				<key>GCC_PREPROCESSOR_DEFINITIONS</key>
				<array>
					<string>DEBUG=1</string>
					<string>$(inherited)</string>
				</array>
				<key>GCC_WARN_64_TO_32_BIT_CONVERSION</key>
				<string>YES</string>
				<key>GCC_WARN_ABOUT_RETURN_TYPE</key>
				<string>YES_ERROR</string>
				<key>GCC_WARN_UNDECLARED_SELECTOR</key>
				<string>YES</string>
				<key>GCC_WARN_UNINITIALIZED_AUTOS</key>
				<string>YES_AGGRESSIVE</string>
				<key>GCC_WARN_UNUSED_FUNCTION</key>
				<string>YES</string>
				<key>GCC_WARN_UNUSED_VARIABLE</key>
				<string>YES</string>
				<key>IPHONEOS_DEPLOYMENT_TARGET</key>
				<string>9.3</string>
				<key>MTL_ENABLE_DEBUG_INFO</key>
				<string>YES</string>
				<key>ONLY_ACTIVE_ARCH</key>
				<string>YES</string>
				<key>SDKROOT</key>
				<string>iphoneos</string>
				<key>SWIFT_OPTIMIZATION_LEVEL</key>
				<string>-Onone</string>
				<key>TARGETED_DEVICE_FAMILY</key>
				<string>1,2</string>
				<key>VERSIONING_SYSTEM</key>
				<string>apple-generic</string>
				<key>VERSION_INFO_PREFIX</key>
				<string></string>
			</dict>
			<key>isa</key>
			<string>XCBuildConfiguration</string>
			<key>name</key>
			<string>Debug</string>
		</dict>
		<key>5FEAE1D91D1A5154005C0028</key>
		<dict>
			<key>buildSettings</key>
			<dict>
				<key>ALWAYS_SEARCH_USER_PATHS</key>
				<string>NO</string>
				<key>CLANG_ANALYZER_NONNULL</key>
				<string>YES</string>
				<key>CLANG_CXX_LANGUAGE_STANDARD</key>
				<string>gnu++0x</string>
				<key>CLANG_CXX_LIBRARY</key>
				<string>libc++</string>
				<key>CLANG_ENABLE_MODULES</key>
				<string>YES</string>
				<key>CLANG_ENABLE_OBJC_ARC</key>
				<string>YES</string>
				<key>CLANG_WARN_BOOL_CONVERSION</key>
				<string>YES</string>
				<key>CLANG_WARN_CONSTANT_CONVERSION</key>
				<string>YES</string>
				<key>CLANG_WARN_DIRECT_OBJC_ISA_USAGE</key>
				<string>YES_ERROR</string>
				<key>CLANG_WARN_EMPTY_BODY</key>
				<string>YES</string>
				<key>CLANG_WARN_ENUM_CONVERSION</key>
				<string>YES</string>
				<key>CLANG_WARN_INT_CONVERSION</key>
				<string>YES</string>
				<key>CLANG_WARN_OBJC_ROOT_CLASS</key>
				<string>YES_ERROR</string>
				<key>CLANG_WARN_UNREACHABLE_CODE</key>
				<string>YES</string>
				<key>CLANG_WARN__DUPLICATE_METHOD_MATCH</key>
				<string>YES</string>
				<key>CODE_SIGN_IDENTITY[sdk=iphoneos*]</key>
				<string>iPhone Developer</string>
				<key>COPY_PHASE_STRIP</key>
				<string>NO</string>
				<key>CURRENT_PROJECT_VERSION</key>
				<string>1</string>
				<key>DEBUG_INFORMATION_FORMAT</key>
				<string>dwarf-with-dsym</string>
				<key>ENABLE_NS_ASSERTIONS</key>
				<string>NO</string>
				<key>ENABLE_STRICT_OBJC_MSGSEND</key>
				<string>YES</string>
				<key>GCC_C_LANGUAGE_STANDARD</key>
				<string>gnu99</string>
				<key>GCC_NO_COMMON_BLOCKS</key>
				<string>YES</string>
				<key>GCC_WARN_64_TO_32_BIT_CONVERSION</key>
				<string>YES</string>
				<key>GCC_WARN_ABOUT_RETURN_TYPE</key>
				<string>YES_ERROR</string>
				<key>GCC_WARN_UNDECLARED_SELECTOR</key>
				<string>YES</string>
				<key>GCC_WARN_UNINITIALIZED_AUTOS</key>
				<string>YES_AGGRESSIVE</string>
				<key>GCC_WARN_UNUSED_FUNCTION</key>
				<string>YES</string>
				<key>GCC_WARN_UNUSED_VARIABLE</key>
				<string>YES</string>
				<key>IPHONEOS_DEPLOYMENT_TARGET</key>
				<string>9.3</string>
				<key>MTL_ENABLE_DEBUG_INFO</key>
				<string>NO</string>
				<key>SDKROOT</key>
				<string>iphoneos</string>
				<key>TARGETED_DEVICE_FAMILY</key>
				<string>1,2</string>
				<key>VALIDATE_PRODUCT</key>
				<string>YES</string>
				<key>VERSIONING_SYSTEM</key>
				<string>apple-generic</string>
				<key>VERSION_INFO_PREFIX</key>
				<string></string>
			</dict>
			<key>isa</key>
			<string>XCBuildConfiguration</string>
			<key>name</key>
			<string>Release</string>
		</dict>
		<key>5FEAE1DA1D1A5154005C0028</key>
		<dict>
			<key>buildConfigurations</key>
			<array>
				<string>5FEAE1DB1D1A5154005C0028</string>
				<string>5FEAE1DC1D1A5154005C0028</string>
			</array>
			<key>defaultConfigurationIsVisible</key>
			<string>0</string>
			<key>defaultConfigurationName</key>
			<string>Release</string>
			<key>isa</key>
			<string>XCConfigurationList</string>
		</dict>
		<key>5FEAE1DB1D1A5154005C0028</key>
		<dict>
			<key>buildSettings</key>
			<dict>
				<key>CLANG_ENABLE_MODULES</key>
				<string>YES</string>
				<key>DEFINES_MODULE</key>
				<string>YES</string>
				<key>DYLIB_COMPATIBILITY_VERSION</key>
				<string>1</string>
				<key>DYLIB_CURRENT_VERSION</key>
				<string>1</string>
				<key>DYLIB_INSTALL_NAME_BASE</key>
				<string>@rpath</string>
				<key>FRAMEWORK_SEARCH_PATHS</key>
				<array>
					<string>$(inherited)</string>
					<string>$(PROJECT_DIR)/Carthage/Build/iOS</string>
				</array>
				<key>INFOPLIST_FILE</key>
				<string>Lock/Info.plist</string>
				<key>INSTALL_PATH</key>
				<string>$(LOCAL_LIBRARY_DIR)/Frameworks</string>
				<key>IPHONEOS_DEPLOYMENT_TARGET</key>
				<string>9.0</string>
				<key>LD_RUNPATH_SEARCH_PATHS</key>
				<string>$(inherited) @executable_path/Frameworks @loader_path/Frameworks</string>
				<key>PRODUCT_BUNDLE_IDENTIFIER</key>
				<string>com.auth0.ios.Lock</string>
				<key>PRODUCT_NAME</key>
				<string>Lock</string>
				<key>SKIP_INSTALL</key>
				<string>YES</string>
				<key>SWIFT_OPTIMIZATION_LEVEL</key>
				<string>-Onone</string>
			</dict>
			<key>isa</key>
			<string>XCBuildConfiguration</string>
			<key>name</key>
			<string>Debug</string>
		</dict>
		<key>5FEAE1DC1D1A5154005C0028</key>
		<dict>
			<key>buildSettings</key>
			<dict>
				<key>CLANG_ENABLE_MODULES</key>
				<string>YES</string>
				<key>DEFINES_MODULE</key>
				<string>YES</string>
				<key>DYLIB_COMPATIBILITY_VERSION</key>
				<string>1</string>
				<key>DYLIB_CURRENT_VERSION</key>
				<string>1</string>
				<key>DYLIB_INSTALL_NAME_BASE</key>
				<string>@rpath</string>
				<key>FRAMEWORK_SEARCH_PATHS</key>
				<array>
					<string>$(inherited)</string>
					<string>$(PROJECT_DIR)/Carthage/Build/iOS</string>
				</array>
				<key>INFOPLIST_FILE</key>
				<string>Lock/Info.plist</string>
				<key>INSTALL_PATH</key>
				<string>$(LOCAL_LIBRARY_DIR)/Frameworks</string>
				<key>IPHONEOS_DEPLOYMENT_TARGET</key>
				<string>9.0</string>
				<key>LD_RUNPATH_SEARCH_PATHS</key>
				<string>$(inherited) @executable_path/Frameworks @loader_path/Frameworks</string>
				<key>PRODUCT_BUNDLE_IDENTIFIER</key>
				<string>com.auth0.ios.Lock</string>
				<key>PRODUCT_NAME</key>
				<string>Lock</string>
				<key>SKIP_INSTALL</key>
				<string>YES</string>
			</dict>
			<key>isa</key>
			<string>XCBuildConfiguration</string>
			<key>name</key>
			<string>Release</string>
		</dict>
		<key>5FEAE1DD1D1A5154005C0028</key>
		<dict>
			<key>buildConfigurations</key>
			<array>
				<string>5FEAE1DE1D1A5154005C0028</string>
				<string>5FEAE1DF1D1A5154005C0028</string>
			</array>
			<key>defaultConfigurationIsVisible</key>
			<string>0</string>
			<key>defaultConfigurationName</key>
			<string>Release</string>
			<key>isa</key>
			<string>XCConfigurationList</string>
		</dict>
		<key>5FEAE1DE1D1A5154005C0028</key>
		<dict>
			<key>buildSettings</key>
			<dict>
				<key>FRAMEWORK_SEARCH_PATHS</key>
				<array>
					<string>$(inherited)</string>
					<string>$(PROJECT_DIR)/Carthage/Build/iOS</string>
				</array>
				<key>INFOPLIST_FILE</key>
				<string>LockTests/Info.plist</string>
				<key>LD_RUNPATH_SEARCH_PATHS</key>
				<string>$(inherited) @executable_path/Frameworks @loader_path/Frameworks</string>
				<key>PRODUCT_BUNDLE_IDENTIFIER</key>
				<string>com.auth0.LockTests</string>
				<key>PRODUCT_NAME</key>
				<string>$(TARGET_NAME)</string>
				<key>TEST_HOST</key>
				<string>$(BUILT_PRODUCTS_DIR)/LockApp.app/LockApp</string>
			</dict>
			<key>isa</key>
			<string>XCBuildConfiguration</string>
			<key>name</key>
			<string>Debug</string>
		</dict>
		<key>5FEAE1DF1D1A5154005C0028</key>
		<dict>
			<key>buildSettings</key>
			<dict>
				<key>FRAMEWORK_SEARCH_PATHS</key>
				<array>
					<string>$(inherited)</string>
					<string>$(PROJECT_DIR)/Carthage/Build/iOS</string>
				</array>
				<key>INFOPLIST_FILE</key>
				<string>LockTests/Info.plist</string>
				<key>LD_RUNPATH_SEARCH_PATHS</key>
				<string>$(inherited) @executable_path/Frameworks @loader_path/Frameworks</string>
				<key>PRODUCT_BUNDLE_IDENTIFIER</key>
				<string>com.auth0.LockTests</string>
				<key>PRODUCT_NAME</key>
				<string>$(TARGET_NAME)</string>
				<key>TEST_HOST</key>
				<string>$(BUILT_PRODUCTS_DIR)/LockApp.app/LockApp</string>
			</dict>
			<key>isa</key>
			<string>XCBuildConfiguration</string>
			<key>name</key>
			<string>Release</string>
		</dict>
		<key>5FEAE20E1D1A5682005C0028</key>
		<dict>
			<key>children</key>
			<array>
				<string>5F99AA951D1C4AF400D27842</string>
				<string>5F99AA8F1D1B9E7100D27842</string>
				<string>5F99AA911D1BA5CA00D27842</string>
				<string>5F51EE691D1CBC830024BCD6</string>
				<string>5FC4348B1D1DFC5A005188BC</string>
				<string>5FEAE20F1D1A5691005C0028</string>
				<string>5F99AA8B1D1B3F1300D27842</string>
				<string>5F99AA891D1B360C00D27842</string>
				<string>5F99AA931D1BABFC00D27842</string>
				<string>5F51EE671D1C88FC0024BCD6</string>
			</array>
			<key>isa</key>
			<string>PBXGroup</string>
			<key>name</key>
			<string>Components</string>
			<key>path</key>
			<string>Components</string>
			<key>sourceTree</key>
			<string>&lt;group&gt;</string>
		</dict>
		<key>5FEAE20F1D1A5691005C0028</key>
		<dict>
			<key>fileEncoding</key>
			<string>4</string>
			<key>isa</key>
			<string>PBXFileReference</string>
			<key>lastKnownFileType</key>
			<string>sourcecode.swift</string>
			<key>path</key>
			<string>HeaderView.swift</string>
			<key>sourceTree</key>
			<string>&lt;group&gt;</string>
		</dict>
		<key>5FEAE2101D1A5691005C0028</key>
		<dict>
			<key>fileRef</key>
			<string>5FEAE20F1D1A5691005C0028</string>
			<key>isa</key>
			<string>PBXBuildFile</string>
		</dict>
		<key>5FEAE2111D1A5716005C0028</key>
		<dict>
			<key>children</key>
			<array>
				<string>5F814FD21D1A7294003670A4</string>
				<string>5F814FD01D1A7294003670A4</string>
				<string>5F814FD11D1A7294003670A4</string>
				<string>5F814FD31D1A7294003670A4</string>
			</array>
			<key>isa</key>
			<string>PBXGroup</string>
			<key>name</key>
			<string>Frameworks</string>
			<key>sourceTree</key>
			<string>&lt;group&gt;</string>
		</dict>
	</dict>
	<key>rootObject</key>
	<string>5FEAE1BD1D1A5154005C0028</string>
</dict>
</plist>
